
Microsoft Visual Studio Solution File, Format Version 12.00
# Visual Studio 15
VisualStudioVersion = 15.0.26430.16
MinimumVisualStudioVersion = 10.0.40219.1
Project("{FAE04EC0-301F-11D3-BF4B-00C04F79EFBC}") = "Uvodni", "ConsoleApp1\Uvodni.csproj", "{31F30331-D9D7-4529-9C4C-B096F2654F21}"
EndProject
Project("{FAE04EC0-301F-11D3-BF4B-00C04F79EFBC}") = "Zbroj", "Zbroj\Zbroj.csproj", "{56937A75-C09F-4D62-9E6A-72C3856EBEBC}"
EndProject
Project("{2150E333-8FDC-42A3-9474-1A3956D46DE8}") = "4.1_Uvod", "4.1_Uvod", "{0BBD29BA-2391-4E97-B14E-8998026F465E}"
EndProject
Project("{FAE04EC0-301F-11D3-BF4B-00C04F79EFBC}") = "Hello", "Hello\Hello.csproj", "{E74D0747-D4EC-4554-8BB3-FEEA91B72CB6}"
EndProject
Project("{FAE04EC0-301F-11D3-BF4B-00C04F79EFBC}") = "Ispis", "Ispis\Ispis.csproj", "{472D7DA6-E613-420C-8815-EE5375165D9E}"
EndProject
Project("{FAE04EC0-301F-11D3-BF4B-00C04F79EFBC}") = "Ispis ledište, vrelište", "Ispis ledište, vrelište\Ispis ledište, vrelište.csproj", "{7EAE456C-50E2-48FB-ABE1-37BFC9728865}"
EndProject
Project("{2150E333-8FDC-42A3-9474-1A3956D46DE8}") = "5.1_Varijable", "5.1_Varijable", "{7D517D35-39BC-42A6-BE68-3BC32B26E3B1}"
EndProject
Project("{9A19103F-16F7-4668-BE54-9A1E7A4F7556}") = "zbroj_razlika", "zbroj_razlika\zbroj_razlika.csproj", "{EB8F253B-2171-4A6B-A41F-D67B7B9544EE}"
EndProject
Project("{2150E333-8FDC-42A3-9474-1A3956D46DE8}") = "5.2_Uvjetno_grananje", "5.2_Uvjetno_grananje", "{BE05B1F2-76AF-470A-95E1-218F69376FC7}"
EndProject
Project("{FAE04EC0-301F-11D3-BF4B-00C04F79EFBC}") = "naredba_If", "Naredba if\naredba_If.csproj", "{4636BD10-48C4-4467-A8E2-663356A29600}"
EndProject
Project("{FAE04EC0-301F-11D3-BF4B-00C04F79EFBC}") = "Primjer_5.2.1.2", "Primjer_5.2.1.2\Primjer_5.2.1.2.csproj", "{678BA9F3-54BD-4CB7-AACB-51FA254AABCC}"
EndProject
Project("{FAE04EC0-301F-11D3-BF4B-00C04F79EFBC}") = "naredba_Switch", "Naredba switch\naredba_Switch.csproj", "{88901640-580A-4197-A70D-3656C80D7532}"
EndProject
Project("{FAE04EC0-301F-11D3-BF4B-00C04F79EFBC}") = "exception", "exception\exception.csproj", "{DC974608-1C77-46DC-AC94-8E1FB9F368BA}"
EndProject
Project("{FAE04EC0-301F-11D3-BF4B-00C04F79EFBC}") = "primjer_5.2.4.2", "primjer_5.2.4.2\primjer_5.2.4.2.csproj", "{073CA78C-2247-49C0-A581-2FF347D317A9}"
EndProject
Project("{FAE04EC0-301F-11D3-BF4B-00C04F79EFBC}") = "primjer_5.2.4.3", "primjer_5.2.4.3\primjer_5.2.4.3.csproj", "{34448B53-54A4-4349-A61E-B7C0F7DE3B4A}"
EndProject
Project("{FAE04EC0-301F-11D3-BF4B-00C04F79EFBC}") = "primjer_5.2.5", "primjer_5.2.5\primjer_5.2.5.csproj", "{C4EA7957-26AF-49DD-9844-75F617033559}"
EndProject
Project("{FAE04EC0-301F-11D3-BF4B-00C04F79EFBC}") = "zadatak_5.2.3", "zadatak_5.2.3\zadatak_5.2.3.csproj", "{48674EB9-7A07-4BF3-A33A-9E03A0082588}"
EndProject
Project("{FAE04EC0-301F-11D3-BF4B-00C04F79EFBC}") = "zadatak_5.2.4", "zadatak_5.2.4\zadatak_5.2.4.csproj", "{95625AEF-3E59-4F16-88AA-82ADDB4C8AD3}"
EndProject
Project("{FAE04EC0-301F-11D3-BF4B-00C04F79EFBC}") = "zadatak_5.2.5", "zadatak_5.2.5\zadatak_5.2.5.csproj", "{94FB1C26-757C-4937-A9B5-C39A3088148C}"
EndProject
Project("{FAE04EC0-301F-11D3-BF4B-00C04F79EFBC}") = "zadatak_5.2.6", "zadatak_5.2.6\zadatak_5.2.6.csproj", "{A0B214C0-8491-40DA-A76F-D2247F9AEBAD}"
EndProject
Project("{FAE04EC0-301F-11D3-BF4B-00C04F79EFBC}") = "zadatak_5.2.7", "zadatak_5.2.7\zadatak_5.2.7.csproj", "{C1D813BE-0A35-4F3C-9EA4-2B659A6908B0}"
EndProject
Project("{FAE04EC0-301F-11D3-BF4B-00C04F79EFBC}") = "zadatak_5.2.8", "zadatak_5.2.8\zadatak_5.2.8.csproj", "{D279530A-3BB1-4452-BB54-3716954179BE}"
EndProject
Project("{FAE04EC0-301F-11D3-BF4B-00C04F79EFBC}") = "zadatak_5.2.9", "zadatak_5.2.9\zadatak_5.2.9.csproj", "{F3905E27-1C76-4611-8199-B603FC792407}"
EndProject
Project("{2150E333-8FDC-42A3-9474-1A3956D46DE8}") = "5.3_Ciklicke_petlje", "5.3_Ciklicke_petlje", "{344CB2F4-4CC3-4C3A-B21C-B5DDFC35D348}"
EndProject
Project("{FAE04EC0-301F-11D3-BF4B-00C04F79EFBC}") = "primjer_for", "primjer_5.3.1.1\primjer_for.csproj", "{0147DB77-F4F4-42C3-9E21-1FE77B8684CA}"
EndProject
Project("{FAE04EC0-301F-11D3-BF4B-00C04F79EFBC}") = "primjer_5.3.1.3", "primjer_5.3.1.3\primjer_5.3.1.3.csproj", "{B36DFBD2-6195-4593-B849-1845A4317454}"
EndProject
Project("{FAE04EC0-301F-11D3-BF4B-00C04F79EFBC}") = "petlja_while", "petlja_while\petlja_while.csproj", "{342E4CCE-B36D-4E85-93C7-A2DA55A4F14E}"
EndProject
Project("{FAE04EC0-301F-11D3-BF4B-00C04F79EFBC}") = "zadatak_5.3.1", "zadatak_5.3.1\zadatak_5.3.1.csproj", "{17F24ABA-13C0-4D8E-A25A-26280E79CB5B}"
EndProject
Project("{FAE04EC0-301F-11D3-BF4B-00C04F79EFBC}") = "zadatak_5.3.3", "zadatak_5.3.3\zadatak_5.3.3.csproj", "{6DBA488D-EAEC-4C70-A964-5C887ECB5E2C}"
EndProject
Project("{FAE04EC0-301F-11D3-BF4B-00C04F79EFBC}") = "zadatak_5.3.4", "zadatak_5.3.4\zadatak_5.3.4.csproj", "{0B19C2DB-51AB-4510-A82B-213DEA042D1A}"
EndProject
Project("{FAE04EC0-301F-11D3-BF4B-00C04F79EFBC}") = "zadatak_5.3.5", "zadatak_5.3.5\zadatak_5.3.5.csproj", "{D47588FB-9D82-462E-9ED8-609BF222F42E}"
EndProject
Project("{FAE04EC0-301F-11D3-BF4B-00C04F79EFBC}") = "zadatak_5.3.7", "zadatak_5.3.7\zadatak_5.3.7.csproj", "{FD106B17-C0A5-4E4D-8A67-E83094777B01}"
EndProject
Project("{FAE04EC0-301F-11D3-BF4B-00C04F79EFBC}") = "zadatak_5.3.10", "zadatak_5.3.10\zadatak_5.3.10.csproj", "{B444992F-53E8-4012-B6A2-53F3B8A7E3BF}"
EndProject
Project("{FAE04EC0-301F-11D3-BF4B-00C04F79EFBC}") = "zadatak_5.3.13", "zadatak_5.3.13\zadatak_5.3.13.csproj", "{8C0C4FCD-E2E6-44A7-8C86-BD68B8918ACE}"
EndProject
Project("{FAE04EC0-301F-11D3-BF4B-00C04F79EFBC}") = "zadatak_5.3.16", "zadatak_5.3.16\zadatak_5.3.16.csproj", "{717F61F6-EEEB-474B-9E47-0DCFFA238C48}"
EndProject
Project("{FAE04EC0-301F-11D3-BF4B-00C04F79EFBC}") = "zadatak_5.3.19", "zadatak_5.3.19\zadatak_5.3.19.csproj", "{085B897F-DE50-4F5B-AE15-F704601EAD5D}"
EndProject
Project("{FAE04EC0-301F-11D3-BF4B-00C04F79EFBC}") = "zadatak_5.3.22", "zadatak_5.3.22\zadatak_5.3.22.csproj", "{5FE4B39D-2C72-48A4-AE8C-ADFED8D68D1F}"
EndProject
Project("{FAE04EC0-301F-11D3-BF4B-00C04F79EFBC}") = "zadatak_5.3.8", "zadatak_5.3.8\zadatak_5.3.8.csproj", "{01CACCCD-F853-4BBF-BA9A-5BA5154C10A7}"
EndProject
Project("{FAE04EC0-301F-11D3-BF4B-00C04F79EFBC}") = "zadatak_5.3.12", "zadatak_5.3.12\zadatak_5.3.12.csproj", "{EAA162BF-F72B-46E3-85B9-D487BFD9FFC8}"
EndProject
Project("{FAE04EC0-301F-11D3-BF4B-00C04F79EFBC}") = "zadatak_5.3.14", "zadatak_5.3.14\zadatak_5.3.14.csproj", "{8B8F279C-EC9F-4513-AEC6-B9A306ADB682}"
EndProject
Project("{FAE04EC0-301F-11D3-BF4B-00C04F79EFBC}") = "Zadatak_5.3.18", "Zadatak_5.3.18\Zadatak_5.3.18.csproj", "{9D0263C4-1D04-4224-9A13-CB8A2BC66024}"
EndProject
Project("{FAE04EC0-301F-11D3-BF4B-00C04F79EFBC}") = "zadatak_5.3.20", "zadatak_5.3.20\zadatak_5.3.20.csproj", "{2880CAEA-8EF8-45D3-A9CB-89438BB96EE1}"
EndProject
Project("{2150E333-8FDC-42A3-9474-1A3956D46DE8}") = "6.1_Nizovi", "6.1_Nizovi", "{1B88A312-272E-44EC-B51C-F95BAC313E3F}"
EndProject
Project("{FAE04EC0-301F-11D3-BF4B-00C04F79EFBC}") = "primjer_6.1.1", "primjer_6.1.1\primjer_6.1.1.csproj", "{2C28643B-C96A-46B9-8269-C9BF23D271CA}"
EndProject
Project("{FAE04EC0-301F-11D3-BF4B-00C04F79EFBC}") = "primjer_6.1.2", "primjer_6.1.2\primjer_6.1.2.csproj", "{48864B95-1BC8-457B-A893-0BD754E271FF}"
EndProject
Project("{FAE04EC0-301F-11D3-BF4B-00C04F79EFBC}") = "6.2.1.1_arraylist", "6.2.1.1_arraylist\6.2.1.1_arraylist.csproj", "{924B5A49-07E5-4393-8931-CBAD08CC30F9}"
EndProject
Project("{FAE04EC0-301F-11D3-BF4B-00C04F79EFBC}") = "6.2.2_exception", "6.2.2_exception\6.2.2_exception.csproj", "{261D6D5D-8707-4F1E-BBA5-B6A7BE0BE290}"
EndProject
Project("{FAE04EC0-301F-11D3-BF4B-00C04F79EFBC}") = "6.2.3_generics", "6.2.3_generics\6.2.3_generics.csproj", "{34AF2D2D-719F-4110-B3F9-4E9E0CA7AABF}"
EndProject
Project("{FAE04EC0-301F-11D3-BF4B-00C04F79EFBC}") = "zadatak_6.2.2", "zadatak_6.2.2\zadatak_6.2.2.csproj", "{1E299BDA-62A3-474D-9773-66785740CC0D}"
EndProject
Project("{FAE04EC0-301F-11D3-BF4B-00C04F79EFBC}") = "zadatak_6.2.3", "zadatak_6.2.3\zadatak_6.2.3.csproj", "{224888EC-776E-409A-AA66-C82F9215ECCB}"
EndProject
Project("{FAE04EC0-301F-11D3-BF4B-00C04F79EFBC}") = "zadatak_6.2.4", "zadatak_6.2.4\zadatak_6.2.4.csproj", "{3B8B64CA-A7EE-451B-A249-9902172C5CE7}"
EndProject
Project("{FAE04EC0-301F-11D3-BF4B-00C04F79EFBC}") = "6.2.4_zad_drugi_nacin", "6.2.4_zad_drugi_nacin\6.2.4_zad_drugi_nacin.csproj", "{6AD26221-ECBC-4AE3-AEB0-13A8D51C34DD}"
EndProject
Project("{FAE04EC0-301F-11D3-BF4B-00C04F79EFBC}") = "6.2.5_zadatak", "6.2.5_zadatak\6.2.5_zadatak.csproj", "{1654EB8F-091C-429B-819E-80917BCB8BDA}"
EndProject
Project("{2150E333-8FDC-42A3-9474-1A3956D46DE8}") = "7.1_Procedure", "7.1_Procedure", "{6E6D906E-3B7F-4921-B281-7863AB565088}"
EndProject
Project("{FAE04EC0-301F-11D3-BF4B-00C04F79EFBC}") = "7.2_potprogrami", "7.2_potprogrami\7.2_potprogrami.csproj", "{D7D3E0A6-89AD-4E3C-B3D6-5CB320D3B30F}"
EndProject
Project("{FAE04EC0-301F-11D3-BF4B-00C04F79EFBC}") = "primjer_7.2.2", "primjer_7.2.2\primjer_7.2.2.csproj", "{DEF6F16A-D84B-48DF-BE55-7C496B1510A3}"
EndProject
Project("{FAE04EC0-301F-11D3-BF4B-00C04F79EFBC}") = "7.1.1_zbroj", "7.1.1_zbroj\7.1.1_zbroj.csproj", "{25928A41-6FB0-4D34-B9F5-30C9D7435EA3}"
EndProject
Project("{FAE04EC0-301F-11D3-BF4B-00C04F79EFBC}") = "7.1.2_hipotenuza", "7.1.2_hipotenuza\7.1.2_hipotenuza.csproj", "{5E698B29-DFF7-4BA7-B4BD-01C8AEA32408}"
EndProject
Project("{FAE04EC0-301F-11D3-BF4B-00C04F79EFBC}") = "7.2.1_krug", "7.2.1_krug\7.2.1_krug.csproj", "{09DD0371-A915-48DA-B576-7717A368B676}"
EndProject
Project("{FAE04EC0-301F-11D3-BF4B-00C04F79EFBC}") = "7.2.2_jednakokracan_trokut", "7.2.2_jednakokracan_trokut\7.2.2_jednakokracan_trokut.csproj", "{65165379-A25D-4E02-AC0A-FB81DA34D2A8}"
EndProject
Project("{FAE04EC0-301F-11D3-BF4B-00C04F79EFBC}") = "7.2.3_kw_u_ks", "7.2.3_kw_u_ks\7.2.3_kw_u_ks.csproj", "{3A626781-4296-4B6E-8664-97C4F3D93FD3}"
EndProject
Project("{FAE04EC0-301F-11D3-BF4B-00C04F79EFBC}") = "7.2.4_celzij_u_fahrenheit", "7.2.4_celzij_u_fahrenheit\7.2.4_celzij_u_fahrenheit.csproj", "{663E7D06-90A2-44C8-9089-D2A6CEEFF3DC}"
EndProject
Project("{FAE04EC0-301F-11D3-BF4B-00C04F79EFBC}") = "7.2.5_udaljenost", "7.2.5_udaljenost\7.2.5_udaljenost.csproj", "{5D704B2B-4036-4EE2-8015-DA093999C858}"
EndProject
Project("{FAE04EC0-301F-11D3-BF4B-00C04F79EFBC}") = "7.2.6_prost_broj", "7.2.6_prost_broj\7.2.6_prost_broj.csproj", "{C9DAE30B-9AFE-431F-8A90-1F6EC537422A}"
EndProject
Project("{FAE04EC0-301F-11D3-BF4B-00C04F79EFBC}") = "7.2.7_prost_broj_ponovno", "7.2.7_prost_broj_ponovno\7.2.7_prost_broj_ponovno.csproj", "{767576B3-32CE-4B56-A1E4-C7008B87D69B}"
EndProject
Project("{FAE04EC0-301F-11D3-BF4B-00C04F79EFBC}") = "7.2.8_faktorijel", "7.2.8_faktorijel\7.2.8_faktorijel.csproj", "{3EB2D2C5-950C-40E5-9956-D6E978F05CE9}"
EndProject
Project("{FAE04EC0-301F-11D3-BF4B-00C04F79EFBC}") = "7.2.9_prosjek", "7.2.9_prosjek\7.2.9_prosjek.csproj", "{EBDAED67-8DB4-4F7B-A877-B41D234631D3}"
EndProject
Project("{FAE04EC0-301F-11D3-BF4B-00C04F79EFBC}") = "7.2.10_ukupna_cijena", "7.2.10_ukupna_cijena\7.2.10_ukupna_cijena.csproj", "{64229252-DA62-4699-B999-5E1A43692EDA}"
EndProject
Project("{FAE04EC0-301F-11D3-BF4B-00C04F79EFBC}") = "7.2.11_parni_neparni", "7.2.11_parni_neparni\7.2.11_parni_neparni.csproj", "{CA88FF38-977F-49F4-BE82-1DDD08F07E52}"
EndProject
Global
	GlobalSection(SolutionConfigurationPlatforms) = preSolution
		Debug|Any CPU = Debug|Any CPU
		Debug|iPhone = Debug|iPhone
		Debug|iPhoneSimulator = Debug|iPhoneSimulator
		Release|Any CPU = Release|Any CPU
		Release|iPhone = Release|iPhone
		Release|iPhoneSimulator = Release|iPhoneSimulator
	EndGlobalSection
	GlobalSection(ProjectConfigurationPlatforms) = postSolution
		{31F30331-D9D7-4529-9C4C-B096F2654F21}.Debug|Any CPU.ActiveCfg = Debug|Any CPU
		{31F30331-D9D7-4529-9C4C-B096F2654F21}.Debug|Any CPU.Build.0 = Debug|Any CPU
		{31F30331-D9D7-4529-9C4C-B096F2654F21}.Debug|iPhone.ActiveCfg = Debug|Any CPU
		{31F30331-D9D7-4529-9C4C-B096F2654F21}.Debug|iPhone.Build.0 = Debug|Any CPU
		{31F30331-D9D7-4529-9C4C-B096F2654F21}.Debug|iPhoneSimulator.ActiveCfg = Debug|Any CPU
		{31F30331-D9D7-4529-9C4C-B096F2654F21}.Debug|iPhoneSimulator.Build.0 = Debug|Any CPU
		{31F30331-D9D7-4529-9C4C-B096F2654F21}.Release|Any CPU.ActiveCfg = Release|Any CPU
		{31F30331-D9D7-4529-9C4C-B096F2654F21}.Release|Any CPU.Build.0 = Release|Any CPU
		{31F30331-D9D7-4529-9C4C-B096F2654F21}.Release|iPhone.ActiveCfg = Release|Any CPU
		{31F30331-D9D7-4529-9C4C-B096F2654F21}.Release|iPhone.Build.0 = Release|Any CPU
		{31F30331-D9D7-4529-9C4C-B096F2654F21}.Release|iPhoneSimulator.ActiveCfg = Release|Any CPU
		{31F30331-D9D7-4529-9C4C-B096F2654F21}.Release|iPhoneSimulator.Build.0 = Release|Any CPU
		{56937A75-C09F-4D62-9E6A-72C3856EBEBC}.Debug|Any CPU.ActiveCfg = Debug|Any CPU
		{56937A75-C09F-4D62-9E6A-72C3856EBEBC}.Debug|Any CPU.Build.0 = Debug|Any CPU
		{56937A75-C09F-4D62-9E6A-72C3856EBEBC}.Debug|iPhone.ActiveCfg = Debug|Any CPU
		{56937A75-C09F-4D62-9E6A-72C3856EBEBC}.Debug|iPhone.Build.0 = Debug|Any CPU
		{56937A75-C09F-4D62-9E6A-72C3856EBEBC}.Debug|iPhoneSimulator.ActiveCfg = Debug|Any CPU
		{56937A75-C09F-4D62-9E6A-72C3856EBEBC}.Debug|iPhoneSimulator.Build.0 = Debug|Any CPU
		{56937A75-C09F-4D62-9E6A-72C3856EBEBC}.Release|Any CPU.ActiveCfg = Release|Any CPU
		{56937A75-C09F-4D62-9E6A-72C3856EBEBC}.Release|Any CPU.Build.0 = Release|Any CPU
		{56937A75-C09F-4D62-9E6A-72C3856EBEBC}.Release|iPhone.ActiveCfg = Release|Any CPU
		{56937A75-C09F-4D62-9E6A-72C3856EBEBC}.Release|iPhone.Build.0 = Release|Any CPU
		{56937A75-C09F-4D62-9E6A-72C3856EBEBC}.Release|iPhoneSimulator.ActiveCfg = Release|Any CPU
		{56937A75-C09F-4D62-9E6A-72C3856EBEBC}.Release|iPhoneSimulator.Build.0 = Release|Any CPU
		{E74D0747-D4EC-4554-8BB3-FEEA91B72CB6}.Debug|Any CPU.ActiveCfg = Debug|Any CPU
		{E74D0747-D4EC-4554-8BB3-FEEA91B72CB6}.Debug|Any CPU.Build.0 = Debug|Any CPU
		{E74D0747-D4EC-4554-8BB3-FEEA91B72CB6}.Debug|iPhone.ActiveCfg = Debug|Any CPU
		{E74D0747-D4EC-4554-8BB3-FEEA91B72CB6}.Debug|iPhone.Build.0 = Debug|Any CPU
		{E74D0747-D4EC-4554-8BB3-FEEA91B72CB6}.Debug|iPhoneSimulator.ActiveCfg = Debug|Any CPU
		{E74D0747-D4EC-4554-8BB3-FEEA91B72CB6}.Debug|iPhoneSimulator.Build.0 = Debug|Any CPU
		{E74D0747-D4EC-4554-8BB3-FEEA91B72CB6}.Release|Any CPU.ActiveCfg = Release|Any CPU
		{E74D0747-D4EC-4554-8BB3-FEEA91B72CB6}.Release|Any CPU.Build.0 = Release|Any CPU
		{E74D0747-D4EC-4554-8BB3-FEEA91B72CB6}.Release|iPhone.ActiveCfg = Release|Any CPU
		{E74D0747-D4EC-4554-8BB3-FEEA91B72CB6}.Release|iPhone.Build.0 = Release|Any CPU
		{E74D0747-D4EC-4554-8BB3-FEEA91B72CB6}.Release|iPhoneSimulator.ActiveCfg = Release|Any CPU
		{E74D0747-D4EC-4554-8BB3-FEEA91B72CB6}.Release|iPhoneSimulator.Build.0 = Release|Any CPU
		{472D7DA6-E613-420C-8815-EE5375165D9E}.Debug|Any CPU.ActiveCfg = Debug|Any CPU
		{472D7DA6-E613-420C-8815-EE5375165D9E}.Debug|Any CPU.Build.0 = Debug|Any CPU
		{472D7DA6-E613-420C-8815-EE5375165D9E}.Debug|iPhone.ActiveCfg = Debug|Any CPU
		{472D7DA6-E613-420C-8815-EE5375165D9E}.Debug|iPhone.Build.0 = Debug|Any CPU
		{472D7DA6-E613-420C-8815-EE5375165D9E}.Debug|iPhoneSimulator.ActiveCfg = Debug|Any CPU
		{472D7DA6-E613-420C-8815-EE5375165D9E}.Debug|iPhoneSimulator.Build.0 = Debug|Any CPU
		{472D7DA6-E613-420C-8815-EE5375165D9E}.Release|Any CPU.ActiveCfg = Release|Any CPU
		{472D7DA6-E613-420C-8815-EE5375165D9E}.Release|Any CPU.Build.0 = Release|Any CPU
		{472D7DA6-E613-420C-8815-EE5375165D9E}.Release|iPhone.ActiveCfg = Release|Any CPU
		{472D7DA6-E613-420C-8815-EE5375165D9E}.Release|iPhone.Build.0 = Release|Any CPU
		{472D7DA6-E613-420C-8815-EE5375165D9E}.Release|iPhoneSimulator.ActiveCfg = Release|Any CPU
		{472D7DA6-E613-420C-8815-EE5375165D9E}.Release|iPhoneSimulator.Build.0 = Release|Any CPU
		{7EAE456C-50E2-48FB-ABE1-37BFC9728865}.Debug|Any CPU.ActiveCfg = Debug|Any CPU
		{7EAE456C-50E2-48FB-ABE1-37BFC9728865}.Debug|Any CPU.Build.0 = Debug|Any CPU
		{7EAE456C-50E2-48FB-ABE1-37BFC9728865}.Debug|iPhone.ActiveCfg = Debug|Any CPU
		{7EAE456C-50E2-48FB-ABE1-37BFC9728865}.Debug|iPhone.Build.0 = Debug|Any CPU
		{7EAE456C-50E2-48FB-ABE1-37BFC9728865}.Debug|iPhoneSimulator.ActiveCfg = Debug|Any CPU
		{7EAE456C-50E2-48FB-ABE1-37BFC9728865}.Debug|iPhoneSimulator.Build.0 = Debug|Any CPU
		{7EAE456C-50E2-48FB-ABE1-37BFC9728865}.Release|Any CPU.ActiveCfg = Release|Any CPU
		{7EAE456C-50E2-48FB-ABE1-37BFC9728865}.Release|Any CPU.Build.0 = Release|Any CPU
		{7EAE456C-50E2-48FB-ABE1-37BFC9728865}.Release|iPhone.ActiveCfg = Release|Any CPU
		{7EAE456C-50E2-48FB-ABE1-37BFC9728865}.Release|iPhone.Build.0 = Release|Any CPU
		{7EAE456C-50E2-48FB-ABE1-37BFC9728865}.Release|iPhoneSimulator.ActiveCfg = Release|Any CPU
		{7EAE456C-50E2-48FB-ABE1-37BFC9728865}.Release|iPhoneSimulator.Build.0 = Release|Any CPU
		{EB8F253B-2171-4A6B-A41F-D67B7B9544EE}.Debug|Any CPU.ActiveCfg = Debug|Any CPU
		{EB8F253B-2171-4A6B-A41F-D67B7B9544EE}.Debug|Any CPU.Build.0 = Debug|Any CPU
		{EB8F253B-2171-4A6B-A41F-D67B7B9544EE}.Debug|iPhone.ActiveCfg = Debug|Any CPU
		{EB8F253B-2171-4A6B-A41F-D67B7B9544EE}.Debug|iPhone.Build.0 = Debug|Any CPU
		{EB8F253B-2171-4A6B-A41F-D67B7B9544EE}.Debug|iPhoneSimulator.ActiveCfg = Debug|Any CPU
		{EB8F253B-2171-4A6B-A41F-D67B7B9544EE}.Debug|iPhoneSimulator.Build.0 = Debug|Any CPU
		{EB8F253B-2171-4A6B-A41F-D67B7B9544EE}.Release|Any CPU.ActiveCfg = Release|Any CPU
		{EB8F253B-2171-4A6B-A41F-D67B7B9544EE}.Release|Any CPU.Build.0 = Release|Any CPU
		{EB8F253B-2171-4A6B-A41F-D67B7B9544EE}.Release|iPhone.ActiveCfg = Release|Any CPU
		{EB8F253B-2171-4A6B-A41F-D67B7B9544EE}.Release|iPhone.Build.0 = Release|Any CPU
		{EB8F253B-2171-4A6B-A41F-D67B7B9544EE}.Release|iPhoneSimulator.ActiveCfg = Release|Any CPU
		{EB8F253B-2171-4A6B-A41F-D67B7B9544EE}.Release|iPhoneSimulator.Build.0 = Release|Any CPU
		{4636BD10-48C4-4467-A8E2-663356A29600}.Debug|Any CPU.ActiveCfg = Debug|Any CPU
		{4636BD10-48C4-4467-A8E2-663356A29600}.Debug|Any CPU.Build.0 = Debug|Any CPU
		{4636BD10-48C4-4467-A8E2-663356A29600}.Debug|iPhone.ActiveCfg = Debug|Any CPU
		{4636BD10-48C4-4467-A8E2-663356A29600}.Debug|iPhone.Build.0 = Debug|Any CPU
		{4636BD10-48C4-4467-A8E2-663356A29600}.Debug|iPhoneSimulator.ActiveCfg = Debug|Any CPU
		{4636BD10-48C4-4467-A8E2-663356A29600}.Debug|iPhoneSimulator.Build.0 = Debug|Any CPU
		{4636BD10-48C4-4467-A8E2-663356A29600}.Release|Any CPU.ActiveCfg = Release|Any CPU
		{4636BD10-48C4-4467-A8E2-663356A29600}.Release|Any CPU.Build.0 = Release|Any CPU
		{4636BD10-48C4-4467-A8E2-663356A29600}.Release|iPhone.ActiveCfg = Release|Any CPU
		{4636BD10-48C4-4467-A8E2-663356A29600}.Release|iPhone.Build.0 = Release|Any CPU
		{4636BD10-48C4-4467-A8E2-663356A29600}.Release|iPhoneSimulator.ActiveCfg = Release|Any CPU
		{4636BD10-48C4-4467-A8E2-663356A29600}.Release|iPhoneSimulator.Build.0 = Release|Any CPU
		{678BA9F3-54BD-4CB7-AACB-51FA254AABCC}.Debug|Any CPU.ActiveCfg = Debug|Any CPU
		{678BA9F3-54BD-4CB7-AACB-51FA254AABCC}.Debug|Any CPU.Build.0 = Debug|Any CPU
		{678BA9F3-54BD-4CB7-AACB-51FA254AABCC}.Debug|iPhone.ActiveCfg = Debug|Any CPU
		{678BA9F3-54BD-4CB7-AACB-51FA254AABCC}.Debug|iPhone.Build.0 = Debug|Any CPU
		{678BA9F3-54BD-4CB7-AACB-51FA254AABCC}.Debug|iPhoneSimulator.ActiveCfg = Debug|Any CPU
		{678BA9F3-54BD-4CB7-AACB-51FA254AABCC}.Debug|iPhoneSimulator.Build.0 = Debug|Any CPU
		{678BA9F3-54BD-4CB7-AACB-51FA254AABCC}.Release|Any CPU.ActiveCfg = Release|Any CPU
		{678BA9F3-54BD-4CB7-AACB-51FA254AABCC}.Release|Any CPU.Build.0 = Release|Any CPU
		{678BA9F3-54BD-4CB7-AACB-51FA254AABCC}.Release|iPhone.ActiveCfg = Release|Any CPU
		{678BA9F3-54BD-4CB7-AACB-51FA254AABCC}.Release|iPhone.Build.0 = Release|Any CPU
		{678BA9F3-54BD-4CB7-AACB-51FA254AABCC}.Release|iPhoneSimulator.ActiveCfg = Release|Any CPU
		{678BA9F3-54BD-4CB7-AACB-51FA254AABCC}.Release|iPhoneSimulator.Build.0 = Release|Any CPU
		{88901640-580A-4197-A70D-3656C80D7532}.Debug|Any CPU.ActiveCfg = Debug|Any CPU
		{88901640-580A-4197-A70D-3656C80D7532}.Debug|Any CPU.Build.0 = Debug|Any CPU
		{88901640-580A-4197-A70D-3656C80D7532}.Debug|iPhone.ActiveCfg = Debug|Any CPU
		{88901640-580A-4197-A70D-3656C80D7532}.Debug|iPhone.Build.0 = Debug|Any CPU
		{88901640-580A-4197-A70D-3656C80D7532}.Debug|iPhoneSimulator.ActiveCfg = Debug|Any CPU
		{88901640-580A-4197-A70D-3656C80D7532}.Debug|iPhoneSimulator.Build.0 = Debug|Any CPU
		{88901640-580A-4197-A70D-3656C80D7532}.Release|Any CPU.ActiveCfg = Release|Any CPU
		{88901640-580A-4197-A70D-3656C80D7532}.Release|Any CPU.Build.0 = Release|Any CPU
		{88901640-580A-4197-A70D-3656C80D7532}.Release|iPhone.ActiveCfg = Release|Any CPU
		{88901640-580A-4197-A70D-3656C80D7532}.Release|iPhone.Build.0 = Release|Any CPU
		{88901640-580A-4197-A70D-3656C80D7532}.Release|iPhoneSimulator.ActiveCfg = Release|Any CPU
		{88901640-580A-4197-A70D-3656C80D7532}.Release|iPhoneSimulator.Build.0 = Release|Any CPU
		{DC974608-1C77-46DC-AC94-8E1FB9F368BA}.Debug|Any CPU.ActiveCfg = Debug|Any CPU
		{DC974608-1C77-46DC-AC94-8E1FB9F368BA}.Debug|Any CPU.Build.0 = Debug|Any CPU
		{DC974608-1C77-46DC-AC94-8E1FB9F368BA}.Debug|iPhone.ActiveCfg = Debug|Any CPU
		{DC974608-1C77-46DC-AC94-8E1FB9F368BA}.Debug|iPhone.Build.0 = Debug|Any CPU
		{DC974608-1C77-46DC-AC94-8E1FB9F368BA}.Debug|iPhoneSimulator.ActiveCfg = Debug|Any CPU
		{DC974608-1C77-46DC-AC94-8E1FB9F368BA}.Debug|iPhoneSimulator.Build.0 = Debug|Any CPU
		{DC974608-1C77-46DC-AC94-8E1FB9F368BA}.Release|Any CPU.ActiveCfg = Release|Any CPU
		{DC974608-1C77-46DC-AC94-8E1FB9F368BA}.Release|Any CPU.Build.0 = Release|Any CPU
		{DC974608-1C77-46DC-AC94-8E1FB9F368BA}.Release|iPhone.ActiveCfg = Release|Any CPU
		{DC974608-1C77-46DC-AC94-8E1FB9F368BA}.Release|iPhone.Build.0 = Release|Any CPU
		{DC974608-1C77-46DC-AC94-8E1FB9F368BA}.Release|iPhoneSimulator.ActiveCfg = Release|Any CPU
		{DC974608-1C77-46DC-AC94-8E1FB9F368BA}.Release|iPhoneSimulator.Build.0 = Release|Any CPU
		{073CA78C-2247-49C0-A581-2FF347D317A9}.Debug|Any CPU.ActiveCfg = Debug|Any CPU
		{073CA78C-2247-49C0-A581-2FF347D317A9}.Debug|Any CPU.Build.0 = Debug|Any CPU
		{073CA78C-2247-49C0-A581-2FF347D317A9}.Debug|iPhone.ActiveCfg = Debug|Any CPU
		{073CA78C-2247-49C0-A581-2FF347D317A9}.Debug|iPhone.Build.0 = Debug|Any CPU
		{073CA78C-2247-49C0-A581-2FF347D317A9}.Debug|iPhoneSimulator.ActiveCfg = Debug|Any CPU
		{073CA78C-2247-49C0-A581-2FF347D317A9}.Debug|iPhoneSimulator.Build.0 = Debug|Any CPU
		{073CA78C-2247-49C0-A581-2FF347D317A9}.Release|Any CPU.ActiveCfg = Release|Any CPU
		{073CA78C-2247-49C0-A581-2FF347D317A9}.Release|Any CPU.Build.0 = Release|Any CPU
		{073CA78C-2247-49C0-A581-2FF347D317A9}.Release|iPhone.ActiveCfg = Release|Any CPU
		{073CA78C-2247-49C0-A581-2FF347D317A9}.Release|iPhone.Build.0 = Release|Any CPU
		{073CA78C-2247-49C0-A581-2FF347D317A9}.Release|iPhoneSimulator.ActiveCfg = Release|Any CPU
		{073CA78C-2247-49C0-A581-2FF347D317A9}.Release|iPhoneSimulator.Build.0 = Release|Any CPU
		{34448B53-54A4-4349-A61E-B7C0F7DE3B4A}.Debug|Any CPU.ActiveCfg = Debug|Any CPU
		{34448B53-54A4-4349-A61E-B7C0F7DE3B4A}.Debug|Any CPU.Build.0 = Debug|Any CPU
		{34448B53-54A4-4349-A61E-B7C0F7DE3B4A}.Debug|iPhone.ActiveCfg = Debug|Any CPU
		{34448B53-54A4-4349-A61E-B7C0F7DE3B4A}.Debug|iPhone.Build.0 = Debug|Any CPU
		{34448B53-54A4-4349-A61E-B7C0F7DE3B4A}.Debug|iPhoneSimulator.ActiveCfg = Debug|Any CPU
		{34448B53-54A4-4349-A61E-B7C0F7DE3B4A}.Debug|iPhoneSimulator.Build.0 = Debug|Any CPU
		{34448B53-54A4-4349-A61E-B7C0F7DE3B4A}.Release|Any CPU.ActiveCfg = Release|Any CPU
		{34448B53-54A4-4349-A61E-B7C0F7DE3B4A}.Release|Any CPU.Build.0 = Release|Any CPU
		{34448B53-54A4-4349-A61E-B7C0F7DE3B4A}.Release|iPhone.ActiveCfg = Release|Any CPU
		{34448B53-54A4-4349-A61E-B7C0F7DE3B4A}.Release|iPhone.Build.0 = Release|Any CPU
		{34448B53-54A4-4349-A61E-B7C0F7DE3B4A}.Release|iPhoneSimulator.ActiveCfg = Release|Any CPU
		{34448B53-54A4-4349-A61E-B7C0F7DE3B4A}.Release|iPhoneSimulator.Build.0 = Release|Any CPU
		{C4EA7957-26AF-49DD-9844-75F617033559}.Debug|Any CPU.ActiveCfg = Debug|Any CPU
		{C4EA7957-26AF-49DD-9844-75F617033559}.Debug|Any CPU.Build.0 = Debug|Any CPU
		{C4EA7957-26AF-49DD-9844-75F617033559}.Debug|iPhone.ActiveCfg = Debug|Any CPU
		{C4EA7957-26AF-49DD-9844-75F617033559}.Debug|iPhone.Build.0 = Debug|Any CPU
		{C4EA7957-26AF-49DD-9844-75F617033559}.Debug|iPhoneSimulator.ActiveCfg = Debug|Any CPU
		{C4EA7957-26AF-49DD-9844-75F617033559}.Debug|iPhoneSimulator.Build.0 = Debug|Any CPU
		{C4EA7957-26AF-49DD-9844-75F617033559}.Release|Any CPU.ActiveCfg = Release|Any CPU
		{C4EA7957-26AF-49DD-9844-75F617033559}.Release|Any CPU.Build.0 = Release|Any CPU
		{C4EA7957-26AF-49DD-9844-75F617033559}.Release|iPhone.ActiveCfg = Release|Any CPU
		{C4EA7957-26AF-49DD-9844-75F617033559}.Release|iPhone.Build.0 = Release|Any CPU
		{C4EA7957-26AF-49DD-9844-75F617033559}.Release|iPhoneSimulator.ActiveCfg = Release|Any CPU
		{C4EA7957-26AF-49DD-9844-75F617033559}.Release|iPhoneSimulator.Build.0 = Release|Any CPU
		{48674EB9-7A07-4BF3-A33A-9E03A0082588}.Debug|Any CPU.ActiveCfg = Debug|Any CPU
		{48674EB9-7A07-4BF3-A33A-9E03A0082588}.Debug|Any CPU.Build.0 = Debug|Any CPU
		{48674EB9-7A07-4BF3-A33A-9E03A0082588}.Debug|iPhone.ActiveCfg = Debug|Any CPU
		{48674EB9-7A07-4BF3-A33A-9E03A0082588}.Debug|iPhone.Build.0 = Debug|Any CPU
		{48674EB9-7A07-4BF3-A33A-9E03A0082588}.Debug|iPhoneSimulator.ActiveCfg = Debug|Any CPU
		{48674EB9-7A07-4BF3-A33A-9E03A0082588}.Debug|iPhoneSimulator.Build.0 = Debug|Any CPU
		{48674EB9-7A07-4BF3-A33A-9E03A0082588}.Release|Any CPU.ActiveCfg = Release|Any CPU
		{48674EB9-7A07-4BF3-A33A-9E03A0082588}.Release|Any CPU.Build.0 = Release|Any CPU
		{48674EB9-7A07-4BF3-A33A-9E03A0082588}.Release|iPhone.ActiveCfg = Release|Any CPU
		{48674EB9-7A07-4BF3-A33A-9E03A0082588}.Release|iPhone.Build.0 = Release|Any CPU
		{48674EB9-7A07-4BF3-A33A-9E03A0082588}.Release|iPhoneSimulator.ActiveCfg = Release|Any CPU
		{48674EB9-7A07-4BF3-A33A-9E03A0082588}.Release|iPhoneSimulator.Build.0 = Release|Any CPU
		{95625AEF-3E59-4F16-88AA-82ADDB4C8AD3}.Debug|Any CPU.ActiveCfg = Debug|Any CPU
		{95625AEF-3E59-4F16-88AA-82ADDB4C8AD3}.Debug|Any CPU.Build.0 = Debug|Any CPU
		{95625AEF-3E59-4F16-88AA-82ADDB4C8AD3}.Debug|iPhone.ActiveCfg = Debug|Any CPU
		{95625AEF-3E59-4F16-88AA-82ADDB4C8AD3}.Debug|iPhone.Build.0 = Debug|Any CPU
		{95625AEF-3E59-4F16-88AA-82ADDB4C8AD3}.Debug|iPhoneSimulator.ActiveCfg = Debug|Any CPU
		{95625AEF-3E59-4F16-88AA-82ADDB4C8AD3}.Debug|iPhoneSimulator.Build.0 = Debug|Any CPU
		{95625AEF-3E59-4F16-88AA-82ADDB4C8AD3}.Release|Any CPU.ActiveCfg = Release|Any CPU
		{95625AEF-3E59-4F16-88AA-82ADDB4C8AD3}.Release|Any CPU.Build.0 = Release|Any CPU
		{95625AEF-3E59-4F16-88AA-82ADDB4C8AD3}.Release|iPhone.ActiveCfg = Release|Any CPU
		{95625AEF-3E59-4F16-88AA-82ADDB4C8AD3}.Release|iPhone.Build.0 = Release|Any CPU
		{95625AEF-3E59-4F16-88AA-82ADDB4C8AD3}.Release|iPhoneSimulator.ActiveCfg = Release|Any CPU
		{95625AEF-3E59-4F16-88AA-82ADDB4C8AD3}.Release|iPhoneSimulator.Build.0 = Release|Any CPU
		{94FB1C26-757C-4937-A9B5-C39A3088148C}.Debug|Any CPU.ActiveCfg = Debug|Any CPU
		{94FB1C26-757C-4937-A9B5-C39A3088148C}.Debug|Any CPU.Build.0 = Debug|Any CPU
		{94FB1C26-757C-4937-A9B5-C39A3088148C}.Debug|iPhone.ActiveCfg = Debug|Any CPU
		{94FB1C26-757C-4937-A9B5-C39A3088148C}.Debug|iPhone.Build.0 = Debug|Any CPU
		{94FB1C26-757C-4937-A9B5-C39A3088148C}.Debug|iPhoneSimulator.ActiveCfg = Debug|Any CPU
		{94FB1C26-757C-4937-A9B5-C39A3088148C}.Debug|iPhoneSimulator.Build.0 = Debug|Any CPU
		{94FB1C26-757C-4937-A9B5-C39A3088148C}.Release|Any CPU.ActiveCfg = Release|Any CPU
		{94FB1C26-757C-4937-A9B5-C39A3088148C}.Release|Any CPU.Build.0 = Release|Any CPU
		{94FB1C26-757C-4937-A9B5-C39A3088148C}.Release|iPhone.ActiveCfg = Release|Any CPU
		{94FB1C26-757C-4937-A9B5-C39A3088148C}.Release|iPhone.Build.0 = Release|Any CPU
		{94FB1C26-757C-4937-A9B5-C39A3088148C}.Release|iPhoneSimulator.ActiveCfg = Release|Any CPU
		{94FB1C26-757C-4937-A9B5-C39A3088148C}.Release|iPhoneSimulator.Build.0 = Release|Any CPU
		{A0B214C0-8491-40DA-A76F-D2247F9AEBAD}.Debug|Any CPU.ActiveCfg = Debug|Any CPU
		{A0B214C0-8491-40DA-A76F-D2247F9AEBAD}.Debug|Any CPU.Build.0 = Debug|Any CPU
		{A0B214C0-8491-40DA-A76F-D2247F9AEBAD}.Debug|iPhone.ActiveCfg = Debug|Any CPU
		{A0B214C0-8491-40DA-A76F-D2247F9AEBAD}.Debug|iPhone.Build.0 = Debug|Any CPU
		{A0B214C0-8491-40DA-A76F-D2247F9AEBAD}.Debug|iPhoneSimulator.ActiveCfg = Debug|Any CPU
		{A0B214C0-8491-40DA-A76F-D2247F9AEBAD}.Debug|iPhoneSimulator.Build.0 = Debug|Any CPU
		{A0B214C0-8491-40DA-A76F-D2247F9AEBAD}.Release|Any CPU.ActiveCfg = Release|Any CPU
		{A0B214C0-8491-40DA-A76F-D2247F9AEBAD}.Release|Any CPU.Build.0 = Release|Any CPU
		{A0B214C0-8491-40DA-A76F-D2247F9AEBAD}.Release|iPhone.ActiveCfg = Release|Any CPU
		{A0B214C0-8491-40DA-A76F-D2247F9AEBAD}.Release|iPhone.Build.0 = Release|Any CPU
		{A0B214C0-8491-40DA-A76F-D2247F9AEBAD}.Release|iPhoneSimulator.ActiveCfg = Release|Any CPU
		{A0B214C0-8491-40DA-A76F-D2247F9AEBAD}.Release|iPhoneSimulator.Build.0 = Release|Any CPU
		{C1D813BE-0A35-4F3C-9EA4-2B659A6908B0}.Debug|Any CPU.ActiveCfg = Debug|Any CPU
		{C1D813BE-0A35-4F3C-9EA4-2B659A6908B0}.Debug|Any CPU.Build.0 = Debug|Any CPU
		{C1D813BE-0A35-4F3C-9EA4-2B659A6908B0}.Debug|iPhone.ActiveCfg = Debug|Any CPU
		{C1D813BE-0A35-4F3C-9EA4-2B659A6908B0}.Debug|iPhone.Build.0 = Debug|Any CPU
		{C1D813BE-0A35-4F3C-9EA4-2B659A6908B0}.Debug|iPhoneSimulator.ActiveCfg = Debug|Any CPU
		{C1D813BE-0A35-4F3C-9EA4-2B659A6908B0}.Debug|iPhoneSimulator.Build.0 = Debug|Any CPU
		{C1D813BE-0A35-4F3C-9EA4-2B659A6908B0}.Release|Any CPU.ActiveCfg = Release|Any CPU
		{C1D813BE-0A35-4F3C-9EA4-2B659A6908B0}.Release|Any CPU.Build.0 = Release|Any CPU
		{C1D813BE-0A35-4F3C-9EA4-2B659A6908B0}.Release|iPhone.ActiveCfg = Release|Any CPU
		{C1D813BE-0A35-4F3C-9EA4-2B659A6908B0}.Release|iPhone.Build.0 = Release|Any CPU
		{C1D813BE-0A35-4F3C-9EA4-2B659A6908B0}.Release|iPhoneSimulator.ActiveCfg = Release|Any CPU
		{C1D813BE-0A35-4F3C-9EA4-2B659A6908B0}.Release|iPhoneSimulator.Build.0 = Release|Any CPU
		{D279530A-3BB1-4452-BB54-3716954179BE}.Debug|Any CPU.ActiveCfg = Debug|Any CPU
		{D279530A-3BB1-4452-BB54-3716954179BE}.Debug|Any CPU.Build.0 = Debug|Any CPU
		{D279530A-3BB1-4452-BB54-3716954179BE}.Debug|iPhone.ActiveCfg = Debug|Any CPU
		{D279530A-3BB1-4452-BB54-3716954179BE}.Debug|iPhone.Build.0 = Debug|Any CPU
		{D279530A-3BB1-4452-BB54-3716954179BE}.Debug|iPhoneSimulator.ActiveCfg = Debug|Any CPU
		{D279530A-3BB1-4452-BB54-3716954179BE}.Debug|iPhoneSimulator.Build.0 = Debug|Any CPU
		{D279530A-3BB1-4452-BB54-3716954179BE}.Release|Any CPU.ActiveCfg = Release|Any CPU
		{D279530A-3BB1-4452-BB54-3716954179BE}.Release|Any CPU.Build.0 = Release|Any CPU
		{D279530A-3BB1-4452-BB54-3716954179BE}.Release|iPhone.ActiveCfg = Release|Any CPU
		{D279530A-3BB1-4452-BB54-3716954179BE}.Release|iPhone.Build.0 = Release|Any CPU
		{D279530A-3BB1-4452-BB54-3716954179BE}.Release|iPhoneSimulator.ActiveCfg = Release|Any CPU
		{D279530A-3BB1-4452-BB54-3716954179BE}.Release|iPhoneSimulator.Build.0 = Release|Any CPU
		{F3905E27-1C76-4611-8199-B603FC792407}.Debug|Any CPU.ActiveCfg = Debug|Any CPU
		{F3905E27-1C76-4611-8199-B603FC792407}.Debug|Any CPU.Build.0 = Debug|Any CPU
		{F3905E27-1C76-4611-8199-B603FC792407}.Debug|iPhone.ActiveCfg = Debug|Any CPU
		{F3905E27-1C76-4611-8199-B603FC792407}.Debug|iPhone.Build.0 = Debug|Any CPU
		{F3905E27-1C76-4611-8199-B603FC792407}.Debug|iPhoneSimulator.ActiveCfg = Debug|Any CPU
		{F3905E27-1C76-4611-8199-B603FC792407}.Debug|iPhoneSimulator.Build.0 = Debug|Any CPU
		{F3905E27-1C76-4611-8199-B603FC792407}.Release|Any CPU.ActiveCfg = Release|Any CPU
		{F3905E27-1C76-4611-8199-B603FC792407}.Release|Any CPU.Build.0 = Release|Any CPU
		{F3905E27-1C76-4611-8199-B603FC792407}.Release|iPhone.ActiveCfg = Release|Any CPU
		{F3905E27-1C76-4611-8199-B603FC792407}.Release|iPhone.Build.0 = Release|Any CPU
		{F3905E27-1C76-4611-8199-B603FC792407}.Release|iPhoneSimulator.ActiveCfg = Release|Any CPU
		{F3905E27-1C76-4611-8199-B603FC792407}.Release|iPhoneSimulator.Build.0 = Release|Any CPU
		{0147DB77-F4F4-42C3-9E21-1FE77B8684CA}.Debug|Any CPU.ActiveCfg = Debug|Any CPU
		{0147DB77-F4F4-42C3-9E21-1FE77B8684CA}.Debug|Any CPU.Build.0 = Debug|Any CPU
		{0147DB77-F4F4-42C3-9E21-1FE77B8684CA}.Debug|iPhone.ActiveCfg = Debug|Any CPU
		{0147DB77-F4F4-42C3-9E21-1FE77B8684CA}.Debug|iPhoneSimulator.ActiveCfg = Debug|Any CPU
		{0147DB77-F4F4-42C3-9E21-1FE77B8684CA}.Release|Any CPU.ActiveCfg = Release|Any CPU
		{0147DB77-F4F4-42C3-9E21-1FE77B8684CA}.Release|Any CPU.Build.0 = Release|Any CPU
		{0147DB77-F4F4-42C3-9E21-1FE77B8684CA}.Release|iPhone.ActiveCfg = Release|Any CPU
		{0147DB77-F4F4-42C3-9E21-1FE77B8684CA}.Release|iPhoneSimulator.ActiveCfg = Release|Any CPU
		{B36DFBD2-6195-4593-B849-1845A4317454}.Debug|Any CPU.ActiveCfg = Debug|Any CPU
		{B36DFBD2-6195-4593-B849-1845A4317454}.Debug|Any CPU.Build.0 = Debug|Any CPU
		{B36DFBD2-6195-4593-B849-1845A4317454}.Debug|iPhone.ActiveCfg = Debug|Any CPU
		{B36DFBD2-6195-4593-B849-1845A4317454}.Debug|iPhone.Build.0 = Debug|Any CPU
		{B36DFBD2-6195-4593-B849-1845A4317454}.Debug|iPhoneSimulator.ActiveCfg = Debug|Any CPU
		{B36DFBD2-6195-4593-B849-1845A4317454}.Debug|iPhoneSimulator.Build.0 = Debug|Any CPU
		{B36DFBD2-6195-4593-B849-1845A4317454}.Release|Any CPU.ActiveCfg = Release|Any CPU
		{B36DFBD2-6195-4593-B849-1845A4317454}.Release|Any CPU.Build.0 = Release|Any CPU
		{B36DFBD2-6195-4593-B849-1845A4317454}.Release|iPhone.ActiveCfg = Release|Any CPU
		{B36DFBD2-6195-4593-B849-1845A4317454}.Release|iPhone.Build.0 = Release|Any CPU
		{B36DFBD2-6195-4593-B849-1845A4317454}.Release|iPhoneSimulator.ActiveCfg = Release|Any CPU
		{B36DFBD2-6195-4593-B849-1845A4317454}.Release|iPhoneSimulator.Build.0 = Release|Any CPU
		{342E4CCE-B36D-4E85-93C7-A2DA55A4F14E}.Debug|Any CPU.ActiveCfg = Debug|Any CPU
		{342E4CCE-B36D-4E85-93C7-A2DA55A4F14E}.Debug|Any CPU.Build.0 = Debug|Any CPU
		{342E4CCE-B36D-4E85-93C7-A2DA55A4F14E}.Debug|iPhone.ActiveCfg = Debug|Any CPU
		{342E4CCE-B36D-4E85-93C7-A2DA55A4F14E}.Debug|iPhone.Build.0 = Debug|Any CPU
		{342E4CCE-B36D-4E85-93C7-A2DA55A4F14E}.Debug|iPhoneSimulator.ActiveCfg = Debug|Any CPU
		{342E4CCE-B36D-4E85-93C7-A2DA55A4F14E}.Debug|iPhoneSimulator.Build.0 = Debug|Any CPU
		{342E4CCE-B36D-4E85-93C7-A2DA55A4F14E}.Release|Any CPU.ActiveCfg = Release|Any CPU
		{342E4CCE-B36D-4E85-93C7-A2DA55A4F14E}.Release|Any CPU.Build.0 = Release|Any CPU
		{342E4CCE-B36D-4E85-93C7-A2DA55A4F14E}.Release|iPhone.ActiveCfg = Release|Any CPU
		{342E4CCE-B36D-4E85-93C7-A2DA55A4F14E}.Release|iPhone.Build.0 = Release|Any CPU
		{342E4CCE-B36D-4E85-93C7-A2DA55A4F14E}.Release|iPhoneSimulator.ActiveCfg = Release|Any CPU
		{342E4CCE-B36D-4E85-93C7-A2DA55A4F14E}.Release|iPhoneSimulator.Build.0 = Release|Any CPU
		{17F24ABA-13C0-4D8E-A25A-26280E79CB5B}.Debug|Any CPU.ActiveCfg = Debug|Any CPU
		{17F24ABA-13C0-4D8E-A25A-26280E79CB5B}.Debug|Any CPU.Build.0 = Debug|Any CPU
		{17F24ABA-13C0-4D8E-A25A-26280E79CB5B}.Debug|iPhone.ActiveCfg = Debug|Any CPU
		{17F24ABA-13C0-4D8E-A25A-26280E79CB5B}.Debug|iPhone.Build.0 = Debug|Any CPU
		{17F24ABA-13C0-4D8E-A25A-26280E79CB5B}.Debug|iPhoneSimulator.ActiveCfg = Debug|Any CPU
		{17F24ABA-13C0-4D8E-A25A-26280E79CB5B}.Debug|iPhoneSimulator.Build.0 = Debug|Any CPU
		{17F24ABA-13C0-4D8E-A25A-26280E79CB5B}.Release|Any CPU.ActiveCfg = Release|Any CPU
		{17F24ABA-13C0-4D8E-A25A-26280E79CB5B}.Release|Any CPU.Build.0 = Release|Any CPU
		{17F24ABA-13C0-4D8E-A25A-26280E79CB5B}.Release|iPhone.ActiveCfg = Release|Any CPU
		{17F24ABA-13C0-4D8E-A25A-26280E79CB5B}.Release|iPhone.Build.0 = Release|Any CPU
		{17F24ABA-13C0-4D8E-A25A-26280E79CB5B}.Release|iPhoneSimulator.ActiveCfg = Release|Any CPU
		{17F24ABA-13C0-4D8E-A25A-26280E79CB5B}.Release|iPhoneSimulator.Build.0 = Release|Any CPU
		{6DBA488D-EAEC-4C70-A964-5C887ECB5E2C}.Debug|Any CPU.ActiveCfg = Debug|Any CPU
		{6DBA488D-EAEC-4C70-A964-5C887ECB5E2C}.Debug|Any CPU.Build.0 = Debug|Any CPU
		{6DBA488D-EAEC-4C70-A964-5C887ECB5E2C}.Debug|iPhone.ActiveCfg = Debug|Any CPU
		{6DBA488D-EAEC-4C70-A964-5C887ECB5E2C}.Debug|iPhone.Build.0 = Debug|Any CPU
		{6DBA488D-EAEC-4C70-A964-5C887ECB5E2C}.Debug|iPhoneSimulator.ActiveCfg = Debug|Any CPU
		{6DBA488D-EAEC-4C70-A964-5C887ECB5E2C}.Debug|iPhoneSimulator.Build.0 = Debug|Any CPU
		{6DBA488D-EAEC-4C70-A964-5C887ECB5E2C}.Release|Any CPU.ActiveCfg = Release|Any CPU
		{6DBA488D-EAEC-4C70-A964-5C887ECB5E2C}.Release|Any CPU.Build.0 = Release|Any CPU
		{6DBA488D-EAEC-4C70-A964-5C887ECB5E2C}.Release|iPhone.ActiveCfg = Release|Any CPU
		{6DBA488D-EAEC-4C70-A964-5C887ECB5E2C}.Release|iPhone.Build.0 = Release|Any CPU
		{6DBA488D-EAEC-4C70-A964-5C887ECB5E2C}.Release|iPhoneSimulator.ActiveCfg = Release|Any CPU
		{6DBA488D-EAEC-4C70-A964-5C887ECB5E2C}.Release|iPhoneSimulator.Build.0 = Release|Any CPU
		{0B19C2DB-51AB-4510-A82B-213DEA042D1A}.Debug|Any CPU.ActiveCfg = Debug|Any CPU
		{0B19C2DB-51AB-4510-A82B-213DEA042D1A}.Debug|Any CPU.Build.0 = Debug|Any CPU
		{0B19C2DB-51AB-4510-A82B-213DEA042D1A}.Debug|iPhone.ActiveCfg = Debug|Any CPU
		{0B19C2DB-51AB-4510-A82B-213DEA042D1A}.Debug|iPhone.Build.0 = Debug|Any CPU
		{0B19C2DB-51AB-4510-A82B-213DEA042D1A}.Debug|iPhoneSimulator.ActiveCfg = Debug|Any CPU
		{0B19C2DB-51AB-4510-A82B-213DEA042D1A}.Debug|iPhoneSimulator.Build.0 = Debug|Any CPU
		{0B19C2DB-51AB-4510-A82B-213DEA042D1A}.Release|Any CPU.ActiveCfg = Release|Any CPU
		{0B19C2DB-51AB-4510-A82B-213DEA042D1A}.Release|Any CPU.Build.0 = Release|Any CPU
		{0B19C2DB-51AB-4510-A82B-213DEA042D1A}.Release|iPhone.ActiveCfg = Release|Any CPU
		{0B19C2DB-51AB-4510-A82B-213DEA042D1A}.Release|iPhone.Build.0 = Release|Any CPU
		{0B19C2DB-51AB-4510-A82B-213DEA042D1A}.Release|iPhoneSimulator.ActiveCfg = Release|Any CPU
		{0B19C2DB-51AB-4510-A82B-213DEA042D1A}.Release|iPhoneSimulator.Build.0 = Release|Any CPU
		{D47588FB-9D82-462E-9ED8-609BF222F42E}.Debug|Any CPU.ActiveCfg = Debug|Any CPU
		{D47588FB-9D82-462E-9ED8-609BF222F42E}.Debug|Any CPU.Build.0 = Debug|Any CPU
		{D47588FB-9D82-462E-9ED8-609BF222F42E}.Debug|iPhone.ActiveCfg = Debug|Any CPU
		{D47588FB-9D82-462E-9ED8-609BF222F42E}.Debug|iPhone.Build.0 = Debug|Any CPU
		{D47588FB-9D82-462E-9ED8-609BF222F42E}.Debug|iPhoneSimulator.ActiveCfg = Debug|Any CPU
		{D47588FB-9D82-462E-9ED8-609BF222F42E}.Debug|iPhoneSimulator.Build.0 = Debug|Any CPU
		{D47588FB-9D82-462E-9ED8-609BF222F42E}.Release|Any CPU.ActiveCfg = Release|Any CPU
		{D47588FB-9D82-462E-9ED8-609BF222F42E}.Release|Any CPU.Build.0 = Release|Any CPU
		{D47588FB-9D82-462E-9ED8-609BF222F42E}.Release|iPhone.ActiveCfg = Release|Any CPU
		{D47588FB-9D82-462E-9ED8-609BF222F42E}.Release|iPhone.Build.0 = Release|Any CPU
		{D47588FB-9D82-462E-9ED8-609BF222F42E}.Release|iPhoneSimulator.ActiveCfg = Release|Any CPU
		{D47588FB-9D82-462E-9ED8-609BF222F42E}.Release|iPhoneSimulator.Build.0 = Release|Any CPU
		{FD106B17-C0A5-4E4D-8A67-E83094777B01}.Debug|Any CPU.ActiveCfg = Debug|Any CPU
		{FD106B17-C0A5-4E4D-8A67-E83094777B01}.Debug|Any CPU.Build.0 = Debug|Any CPU
		{FD106B17-C0A5-4E4D-8A67-E83094777B01}.Debug|iPhone.ActiveCfg = Debug|Any CPU
		{FD106B17-C0A5-4E4D-8A67-E83094777B01}.Debug|iPhone.Build.0 = Debug|Any CPU
		{FD106B17-C0A5-4E4D-8A67-E83094777B01}.Debug|iPhoneSimulator.ActiveCfg = Debug|Any CPU
		{FD106B17-C0A5-4E4D-8A67-E83094777B01}.Debug|iPhoneSimulator.Build.0 = Debug|Any CPU
		{FD106B17-C0A5-4E4D-8A67-E83094777B01}.Release|Any CPU.ActiveCfg = Release|Any CPU
		{FD106B17-C0A5-4E4D-8A67-E83094777B01}.Release|Any CPU.Build.0 = Release|Any CPU
		{FD106B17-C0A5-4E4D-8A67-E83094777B01}.Release|iPhone.ActiveCfg = Release|Any CPU
		{FD106B17-C0A5-4E4D-8A67-E83094777B01}.Release|iPhone.Build.0 = Release|Any CPU
		{FD106B17-C0A5-4E4D-8A67-E83094777B01}.Release|iPhoneSimulator.ActiveCfg = Release|Any CPU
		{FD106B17-C0A5-4E4D-8A67-E83094777B01}.Release|iPhoneSimulator.Build.0 = Release|Any CPU
		{B444992F-53E8-4012-B6A2-53F3B8A7E3BF}.Debug|Any CPU.ActiveCfg = Debug|Any CPU
		{B444992F-53E8-4012-B6A2-53F3B8A7E3BF}.Debug|Any CPU.Build.0 = Debug|Any CPU
		{B444992F-53E8-4012-B6A2-53F3B8A7E3BF}.Debug|iPhone.ActiveCfg = Debug|Any CPU
		{B444992F-53E8-4012-B6A2-53F3B8A7E3BF}.Debug|iPhone.Build.0 = Debug|Any CPU
		{B444992F-53E8-4012-B6A2-53F3B8A7E3BF}.Debug|iPhoneSimulator.ActiveCfg = Debug|Any CPU
		{B444992F-53E8-4012-B6A2-53F3B8A7E3BF}.Debug|iPhoneSimulator.Build.0 = Debug|Any CPU
		{B444992F-53E8-4012-B6A2-53F3B8A7E3BF}.Release|Any CPU.ActiveCfg = Release|Any CPU
		{B444992F-53E8-4012-B6A2-53F3B8A7E3BF}.Release|Any CPU.Build.0 = Release|Any CPU
		{B444992F-53E8-4012-B6A2-53F3B8A7E3BF}.Release|iPhone.ActiveCfg = Release|Any CPU
		{B444992F-53E8-4012-B6A2-53F3B8A7E3BF}.Release|iPhone.Build.0 = Release|Any CPU
		{B444992F-53E8-4012-B6A2-53F3B8A7E3BF}.Release|iPhoneSimulator.ActiveCfg = Release|Any CPU
		{B444992F-53E8-4012-B6A2-53F3B8A7E3BF}.Release|iPhoneSimulator.Build.0 = Release|Any CPU
		{8C0C4FCD-E2E6-44A7-8C86-BD68B8918ACE}.Debug|Any CPU.ActiveCfg = Debug|Any CPU
		{8C0C4FCD-E2E6-44A7-8C86-BD68B8918ACE}.Debug|Any CPU.Build.0 = Debug|Any CPU
		{8C0C4FCD-E2E6-44A7-8C86-BD68B8918ACE}.Debug|iPhone.ActiveCfg = Debug|Any CPU
		{8C0C4FCD-E2E6-44A7-8C86-BD68B8918ACE}.Debug|iPhone.Build.0 = Debug|Any CPU
		{8C0C4FCD-E2E6-44A7-8C86-BD68B8918ACE}.Debug|iPhoneSimulator.ActiveCfg = Debug|Any CPU
		{8C0C4FCD-E2E6-44A7-8C86-BD68B8918ACE}.Debug|iPhoneSimulator.Build.0 = Debug|Any CPU
		{8C0C4FCD-E2E6-44A7-8C86-BD68B8918ACE}.Release|Any CPU.ActiveCfg = Release|Any CPU
		{8C0C4FCD-E2E6-44A7-8C86-BD68B8918ACE}.Release|Any CPU.Build.0 = Release|Any CPU
		{8C0C4FCD-E2E6-44A7-8C86-BD68B8918ACE}.Release|iPhone.ActiveCfg = Release|Any CPU
		{8C0C4FCD-E2E6-44A7-8C86-BD68B8918ACE}.Release|iPhone.Build.0 = Release|Any CPU
		{8C0C4FCD-E2E6-44A7-8C86-BD68B8918ACE}.Release|iPhoneSimulator.ActiveCfg = Release|Any CPU
		{8C0C4FCD-E2E6-44A7-8C86-BD68B8918ACE}.Release|iPhoneSimulator.Build.0 = Release|Any CPU
		{717F61F6-EEEB-474B-9E47-0DCFFA238C48}.Debug|Any CPU.ActiveCfg = Debug|Any CPU
		{717F61F6-EEEB-474B-9E47-0DCFFA238C48}.Debug|Any CPU.Build.0 = Debug|Any CPU
		{717F61F6-EEEB-474B-9E47-0DCFFA238C48}.Debug|iPhone.ActiveCfg = Debug|Any CPU
		{717F61F6-EEEB-474B-9E47-0DCFFA238C48}.Debug|iPhone.Build.0 = Debug|Any CPU
		{717F61F6-EEEB-474B-9E47-0DCFFA238C48}.Debug|iPhoneSimulator.ActiveCfg = Debug|Any CPU
		{717F61F6-EEEB-474B-9E47-0DCFFA238C48}.Debug|iPhoneSimulator.Build.0 = Debug|Any CPU
		{717F61F6-EEEB-474B-9E47-0DCFFA238C48}.Release|Any CPU.ActiveCfg = Release|Any CPU
		{717F61F6-EEEB-474B-9E47-0DCFFA238C48}.Release|Any CPU.Build.0 = Release|Any CPU
		{717F61F6-EEEB-474B-9E47-0DCFFA238C48}.Release|iPhone.ActiveCfg = Release|Any CPU
		{717F61F6-EEEB-474B-9E47-0DCFFA238C48}.Release|iPhone.Build.0 = Release|Any CPU
		{717F61F6-EEEB-474B-9E47-0DCFFA238C48}.Release|iPhoneSimulator.ActiveCfg = Release|Any CPU
		{717F61F6-EEEB-474B-9E47-0DCFFA238C48}.Release|iPhoneSimulator.Build.0 = Release|Any CPU
		{085B897F-DE50-4F5B-AE15-F704601EAD5D}.Debug|Any CPU.ActiveCfg = Debug|Any CPU
		{085B897F-DE50-4F5B-AE15-F704601EAD5D}.Debug|Any CPU.Build.0 = Debug|Any CPU
		{085B897F-DE50-4F5B-AE15-F704601EAD5D}.Debug|iPhone.ActiveCfg = Debug|Any CPU
		{085B897F-DE50-4F5B-AE15-F704601EAD5D}.Debug|iPhone.Build.0 = Debug|Any CPU
		{085B897F-DE50-4F5B-AE15-F704601EAD5D}.Debug|iPhoneSimulator.ActiveCfg = Debug|Any CPU
		{085B897F-DE50-4F5B-AE15-F704601EAD5D}.Debug|iPhoneSimulator.Build.0 = Debug|Any CPU
		{085B897F-DE50-4F5B-AE15-F704601EAD5D}.Release|Any CPU.ActiveCfg = Release|Any CPU
		{085B897F-DE50-4F5B-AE15-F704601EAD5D}.Release|Any CPU.Build.0 = Release|Any CPU
		{085B897F-DE50-4F5B-AE15-F704601EAD5D}.Release|iPhone.ActiveCfg = Release|Any CPU
		{085B897F-DE50-4F5B-AE15-F704601EAD5D}.Release|iPhone.Build.0 = Release|Any CPU
		{085B897F-DE50-4F5B-AE15-F704601EAD5D}.Release|iPhoneSimulator.ActiveCfg = Release|Any CPU
		{085B897F-DE50-4F5B-AE15-F704601EAD5D}.Release|iPhoneSimulator.Build.0 = Release|Any CPU
		{5FE4B39D-2C72-48A4-AE8C-ADFED8D68D1F}.Debug|Any CPU.ActiveCfg = Debug|Any CPU
		{5FE4B39D-2C72-48A4-AE8C-ADFED8D68D1F}.Debug|Any CPU.Build.0 = Debug|Any CPU
		{5FE4B39D-2C72-48A4-AE8C-ADFED8D68D1F}.Debug|iPhone.ActiveCfg = Debug|Any CPU
		{5FE4B39D-2C72-48A4-AE8C-ADFED8D68D1F}.Debug|iPhone.Build.0 = Debug|Any CPU
		{5FE4B39D-2C72-48A4-AE8C-ADFED8D68D1F}.Debug|iPhoneSimulator.ActiveCfg = Debug|Any CPU
		{5FE4B39D-2C72-48A4-AE8C-ADFED8D68D1F}.Debug|iPhoneSimulator.Build.0 = Debug|Any CPU
		{5FE4B39D-2C72-48A4-AE8C-ADFED8D68D1F}.Release|Any CPU.ActiveCfg = Release|Any CPU
		{5FE4B39D-2C72-48A4-AE8C-ADFED8D68D1F}.Release|Any CPU.Build.0 = Release|Any CPU
		{5FE4B39D-2C72-48A4-AE8C-ADFED8D68D1F}.Release|iPhone.ActiveCfg = Release|Any CPU
		{5FE4B39D-2C72-48A4-AE8C-ADFED8D68D1F}.Release|iPhone.Build.0 = Release|Any CPU
		{5FE4B39D-2C72-48A4-AE8C-ADFED8D68D1F}.Release|iPhoneSimulator.ActiveCfg = Release|Any CPU
		{5FE4B39D-2C72-48A4-AE8C-ADFED8D68D1F}.Release|iPhoneSimulator.Build.0 = Release|Any CPU
		{01CACCCD-F853-4BBF-BA9A-5BA5154C10A7}.Debug|Any CPU.ActiveCfg = Debug|Any CPU
		{01CACCCD-F853-4BBF-BA9A-5BA5154C10A7}.Debug|Any CPU.Build.0 = Debug|Any CPU
		{01CACCCD-F853-4BBF-BA9A-5BA5154C10A7}.Debug|iPhone.ActiveCfg = Debug|Any CPU
		{01CACCCD-F853-4BBF-BA9A-5BA5154C10A7}.Debug|iPhone.Build.0 = Debug|Any CPU
		{01CACCCD-F853-4BBF-BA9A-5BA5154C10A7}.Debug|iPhoneSimulator.ActiveCfg = Debug|Any CPU
		{01CACCCD-F853-4BBF-BA9A-5BA5154C10A7}.Debug|iPhoneSimulator.Build.0 = Debug|Any CPU
		{01CACCCD-F853-4BBF-BA9A-5BA5154C10A7}.Release|Any CPU.ActiveCfg = Release|Any CPU
		{01CACCCD-F853-4BBF-BA9A-5BA5154C10A7}.Release|Any CPU.Build.0 = Release|Any CPU
		{01CACCCD-F853-4BBF-BA9A-5BA5154C10A7}.Release|iPhone.ActiveCfg = Release|Any CPU
		{01CACCCD-F853-4BBF-BA9A-5BA5154C10A7}.Release|iPhone.Build.0 = Release|Any CPU
		{01CACCCD-F853-4BBF-BA9A-5BA5154C10A7}.Release|iPhoneSimulator.ActiveCfg = Release|Any CPU
		{01CACCCD-F853-4BBF-BA9A-5BA5154C10A7}.Release|iPhoneSimulator.Build.0 = Release|Any CPU
		{EAA162BF-F72B-46E3-85B9-D487BFD9FFC8}.Debug|Any CPU.ActiveCfg = Debug|Any CPU
		{EAA162BF-F72B-46E3-85B9-D487BFD9FFC8}.Debug|Any CPU.Build.0 = Debug|Any CPU
		{EAA162BF-F72B-46E3-85B9-D487BFD9FFC8}.Debug|iPhone.ActiveCfg = Debug|Any CPU
		{EAA162BF-F72B-46E3-85B9-D487BFD9FFC8}.Debug|iPhone.Build.0 = Debug|Any CPU
		{EAA162BF-F72B-46E3-85B9-D487BFD9FFC8}.Debug|iPhoneSimulator.ActiveCfg = Debug|Any CPU
		{EAA162BF-F72B-46E3-85B9-D487BFD9FFC8}.Debug|iPhoneSimulator.Build.0 = Debug|Any CPU
		{EAA162BF-F72B-46E3-85B9-D487BFD9FFC8}.Release|Any CPU.ActiveCfg = Release|Any CPU
		{EAA162BF-F72B-46E3-85B9-D487BFD9FFC8}.Release|Any CPU.Build.0 = Release|Any CPU
		{EAA162BF-F72B-46E3-85B9-D487BFD9FFC8}.Release|iPhone.ActiveCfg = Release|Any CPU
		{EAA162BF-F72B-46E3-85B9-D487BFD9FFC8}.Release|iPhone.Build.0 = Release|Any CPU
		{EAA162BF-F72B-46E3-85B9-D487BFD9FFC8}.Release|iPhoneSimulator.ActiveCfg = Release|Any CPU
		{EAA162BF-F72B-46E3-85B9-D487BFD9FFC8}.Release|iPhoneSimulator.Build.0 = Release|Any CPU
		{8B8F279C-EC9F-4513-AEC6-B9A306ADB682}.Debug|Any CPU.ActiveCfg = Debug|Any CPU
		{8B8F279C-EC9F-4513-AEC6-B9A306ADB682}.Debug|Any CPU.Build.0 = Debug|Any CPU
		{8B8F279C-EC9F-4513-AEC6-B9A306ADB682}.Debug|iPhone.ActiveCfg = Debug|Any CPU
		{8B8F279C-EC9F-4513-AEC6-B9A306ADB682}.Debug|iPhone.Build.0 = Debug|Any CPU
		{8B8F279C-EC9F-4513-AEC6-B9A306ADB682}.Debug|iPhoneSimulator.ActiveCfg = Debug|Any CPU
		{8B8F279C-EC9F-4513-AEC6-B9A306ADB682}.Debug|iPhoneSimulator.Build.0 = Debug|Any CPU
		{8B8F279C-EC9F-4513-AEC6-B9A306ADB682}.Release|Any CPU.ActiveCfg = Release|Any CPU
		{8B8F279C-EC9F-4513-AEC6-B9A306ADB682}.Release|Any CPU.Build.0 = Release|Any CPU
		{8B8F279C-EC9F-4513-AEC6-B9A306ADB682}.Release|iPhone.ActiveCfg = Release|Any CPU
		{8B8F279C-EC9F-4513-AEC6-B9A306ADB682}.Release|iPhone.Build.0 = Release|Any CPU
		{8B8F279C-EC9F-4513-AEC6-B9A306ADB682}.Release|iPhoneSimulator.ActiveCfg = Release|Any CPU
		{8B8F279C-EC9F-4513-AEC6-B9A306ADB682}.Release|iPhoneSimulator.Build.0 = Release|Any CPU
		{9D0263C4-1D04-4224-9A13-CB8A2BC66024}.Debug|Any CPU.ActiveCfg = Debug|Any CPU
		{9D0263C4-1D04-4224-9A13-CB8A2BC66024}.Debug|Any CPU.Build.0 = Debug|Any CPU
		{9D0263C4-1D04-4224-9A13-CB8A2BC66024}.Debug|iPhone.ActiveCfg = Debug|Any CPU
		{9D0263C4-1D04-4224-9A13-CB8A2BC66024}.Debug|iPhone.Build.0 = Debug|Any CPU
		{9D0263C4-1D04-4224-9A13-CB8A2BC66024}.Debug|iPhoneSimulator.ActiveCfg = Debug|Any CPU
		{9D0263C4-1D04-4224-9A13-CB8A2BC66024}.Debug|iPhoneSimulator.Build.0 = Debug|Any CPU
		{9D0263C4-1D04-4224-9A13-CB8A2BC66024}.Release|Any CPU.ActiveCfg = Release|Any CPU
		{9D0263C4-1D04-4224-9A13-CB8A2BC66024}.Release|Any CPU.Build.0 = Release|Any CPU
		{9D0263C4-1D04-4224-9A13-CB8A2BC66024}.Release|iPhone.ActiveCfg = Release|Any CPU
		{9D0263C4-1D04-4224-9A13-CB8A2BC66024}.Release|iPhone.Build.0 = Release|Any CPU
		{9D0263C4-1D04-4224-9A13-CB8A2BC66024}.Release|iPhoneSimulator.ActiveCfg = Release|Any CPU
		{9D0263C4-1D04-4224-9A13-CB8A2BC66024}.Release|iPhoneSimulator.Build.0 = Release|Any CPU
		{2880CAEA-8EF8-45D3-A9CB-89438BB96EE1}.Debug|Any CPU.ActiveCfg = Debug|Any CPU
		{2880CAEA-8EF8-45D3-A9CB-89438BB96EE1}.Debug|Any CPU.Build.0 = Debug|Any CPU
		{2880CAEA-8EF8-45D3-A9CB-89438BB96EE1}.Debug|iPhone.ActiveCfg = Debug|Any CPU
		{2880CAEA-8EF8-45D3-A9CB-89438BB96EE1}.Debug|iPhone.Build.0 = Debug|Any CPU
		{2880CAEA-8EF8-45D3-A9CB-89438BB96EE1}.Debug|iPhoneSimulator.ActiveCfg = Debug|Any CPU
		{2880CAEA-8EF8-45D3-A9CB-89438BB96EE1}.Debug|iPhoneSimulator.Build.0 = Debug|Any CPU
		{2880CAEA-8EF8-45D3-A9CB-89438BB96EE1}.Release|Any CPU.ActiveCfg = Release|Any CPU
		{2880CAEA-8EF8-45D3-A9CB-89438BB96EE1}.Release|Any CPU.Build.0 = Release|Any CPU
		{2880CAEA-8EF8-45D3-A9CB-89438BB96EE1}.Release|iPhone.ActiveCfg = Release|Any CPU
		{2880CAEA-8EF8-45D3-A9CB-89438BB96EE1}.Release|iPhone.Build.0 = Release|Any CPU
		{2880CAEA-8EF8-45D3-A9CB-89438BB96EE1}.Release|iPhoneSimulator.ActiveCfg = Release|Any CPU
		{2880CAEA-8EF8-45D3-A9CB-89438BB96EE1}.Release|iPhoneSimulator.Build.0 = Release|Any CPU
		{2C28643B-C96A-46B9-8269-C9BF23D271CA}.Debug|Any CPU.ActiveCfg = Debug|Any CPU
		{2C28643B-C96A-46B9-8269-C9BF23D271CA}.Debug|Any CPU.Build.0 = Debug|Any CPU
		{2C28643B-C96A-46B9-8269-C9BF23D271CA}.Debug|iPhone.ActiveCfg = Debug|Any CPU
		{2C28643B-C96A-46B9-8269-C9BF23D271CA}.Debug|iPhone.Build.0 = Debug|Any CPU
		{2C28643B-C96A-46B9-8269-C9BF23D271CA}.Debug|iPhoneSimulator.ActiveCfg = Debug|Any CPU
		{2C28643B-C96A-46B9-8269-C9BF23D271CA}.Debug|iPhoneSimulator.Build.0 = Debug|Any CPU
		{2C28643B-C96A-46B9-8269-C9BF23D271CA}.Release|Any CPU.ActiveCfg = Release|Any CPU
		{2C28643B-C96A-46B9-8269-C9BF23D271CA}.Release|Any CPU.Build.0 = Release|Any CPU
		{2C28643B-C96A-46B9-8269-C9BF23D271CA}.Release|iPhone.ActiveCfg = Release|Any CPU
		{2C28643B-C96A-46B9-8269-C9BF23D271CA}.Release|iPhone.Build.0 = Release|Any CPU
		{2C28643B-C96A-46B9-8269-C9BF23D271CA}.Release|iPhoneSimulator.ActiveCfg = Release|Any CPU
		{2C28643B-C96A-46B9-8269-C9BF23D271CA}.Release|iPhoneSimulator.Build.0 = Release|Any CPU
		{48864B95-1BC8-457B-A893-0BD754E271FF}.Debug|Any CPU.ActiveCfg = Debug|Any CPU
		{48864B95-1BC8-457B-A893-0BD754E271FF}.Debug|Any CPU.Build.0 = Debug|Any CPU
		{48864B95-1BC8-457B-A893-0BD754E271FF}.Debug|iPhone.ActiveCfg = Debug|Any CPU
		{48864B95-1BC8-457B-A893-0BD754E271FF}.Debug|iPhone.Build.0 = Debug|Any CPU
		{48864B95-1BC8-457B-A893-0BD754E271FF}.Debug|iPhoneSimulator.ActiveCfg = Debug|Any CPU
		{48864B95-1BC8-457B-A893-0BD754E271FF}.Debug|iPhoneSimulator.Build.0 = Debug|Any CPU
		{48864B95-1BC8-457B-A893-0BD754E271FF}.Release|Any CPU.ActiveCfg = Release|Any CPU
		{48864B95-1BC8-457B-A893-0BD754E271FF}.Release|Any CPU.Build.0 = Release|Any CPU
		{48864B95-1BC8-457B-A893-0BD754E271FF}.Release|iPhone.ActiveCfg = Release|Any CPU
		{48864B95-1BC8-457B-A893-0BD754E271FF}.Release|iPhone.Build.0 = Release|Any CPU
		{48864B95-1BC8-457B-A893-0BD754E271FF}.Release|iPhoneSimulator.ActiveCfg = Release|Any CPU
		{48864B95-1BC8-457B-A893-0BD754E271FF}.Release|iPhoneSimulator.Build.0 = Release|Any CPU
		{924B5A49-07E5-4393-8931-CBAD08CC30F9}.Debug|Any CPU.ActiveCfg = Debug|Any CPU
		{924B5A49-07E5-4393-8931-CBAD08CC30F9}.Debug|Any CPU.Build.0 = Debug|Any CPU
		{924B5A49-07E5-4393-8931-CBAD08CC30F9}.Debug|iPhone.ActiveCfg = Debug|Any CPU
		{924B5A49-07E5-4393-8931-CBAD08CC30F9}.Debug|iPhone.Build.0 = Debug|Any CPU
		{924B5A49-07E5-4393-8931-CBAD08CC30F9}.Debug|iPhoneSimulator.ActiveCfg = Debug|Any CPU
		{924B5A49-07E5-4393-8931-CBAD08CC30F9}.Debug|iPhoneSimulator.Build.0 = Debug|Any CPU
		{924B5A49-07E5-4393-8931-CBAD08CC30F9}.Release|Any CPU.ActiveCfg = Release|Any CPU
		{924B5A49-07E5-4393-8931-CBAD08CC30F9}.Release|Any CPU.Build.0 = Release|Any CPU
		{924B5A49-07E5-4393-8931-CBAD08CC30F9}.Release|iPhone.ActiveCfg = Release|Any CPU
		{924B5A49-07E5-4393-8931-CBAD08CC30F9}.Release|iPhone.Build.0 = Release|Any CPU
		{924B5A49-07E5-4393-8931-CBAD08CC30F9}.Release|iPhoneSimulator.ActiveCfg = Release|Any CPU
		{924B5A49-07E5-4393-8931-CBAD08CC30F9}.Release|iPhoneSimulator.Build.0 = Release|Any CPU
		{261D6D5D-8707-4F1E-BBA5-B6A7BE0BE290}.Debug|Any CPU.ActiveCfg = Debug|Any CPU
		{261D6D5D-8707-4F1E-BBA5-B6A7BE0BE290}.Debug|Any CPU.Build.0 = Debug|Any CPU
		{261D6D5D-8707-4F1E-BBA5-B6A7BE0BE290}.Debug|iPhone.ActiveCfg = Debug|Any CPU
		{261D6D5D-8707-4F1E-BBA5-B6A7BE0BE290}.Debug|iPhone.Build.0 = Debug|Any CPU
		{261D6D5D-8707-4F1E-BBA5-B6A7BE0BE290}.Debug|iPhoneSimulator.ActiveCfg = Debug|Any CPU
		{261D6D5D-8707-4F1E-BBA5-B6A7BE0BE290}.Debug|iPhoneSimulator.Build.0 = Debug|Any CPU
		{261D6D5D-8707-4F1E-BBA5-B6A7BE0BE290}.Release|Any CPU.ActiveCfg = Release|Any CPU
		{261D6D5D-8707-4F1E-BBA5-B6A7BE0BE290}.Release|Any CPU.Build.0 = Release|Any CPU
		{261D6D5D-8707-4F1E-BBA5-B6A7BE0BE290}.Release|iPhone.ActiveCfg = Release|Any CPU
		{261D6D5D-8707-4F1E-BBA5-B6A7BE0BE290}.Release|iPhone.Build.0 = Release|Any CPU
		{261D6D5D-8707-4F1E-BBA5-B6A7BE0BE290}.Release|iPhoneSimulator.ActiveCfg = Release|Any CPU
		{261D6D5D-8707-4F1E-BBA5-B6A7BE0BE290}.Release|iPhoneSimulator.Build.0 = Release|Any CPU
		{34AF2D2D-719F-4110-B3F9-4E9E0CA7AABF}.Debug|Any CPU.ActiveCfg = Debug|Any CPU
		{34AF2D2D-719F-4110-B3F9-4E9E0CA7AABF}.Debug|Any CPU.Build.0 = Debug|Any CPU
		{34AF2D2D-719F-4110-B3F9-4E9E0CA7AABF}.Debug|iPhone.ActiveCfg = Debug|Any CPU
		{34AF2D2D-719F-4110-B3F9-4E9E0CA7AABF}.Debug|iPhone.Build.0 = Debug|Any CPU
		{34AF2D2D-719F-4110-B3F9-4E9E0CA7AABF}.Debug|iPhoneSimulator.ActiveCfg = Debug|Any CPU
		{34AF2D2D-719F-4110-B3F9-4E9E0CA7AABF}.Debug|iPhoneSimulator.Build.0 = Debug|Any CPU
		{34AF2D2D-719F-4110-B3F9-4E9E0CA7AABF}.Release|Any CPU.ActiveCfg = Release|Any CPU
		{34AF2D2D-719F-4110-B3F9-4E9E0CA7AABF}.Release|Any CPU.Build.0 = Release|Any CPU
		{34AF2D2D-719F-4110-B3F9-4E9E0CA7AABF}.Release|iPhone.ActiveCfg = Release|Any CPU
		{34AF2D2D-719F-4110-B3F9-4E9E0CA7AABF}.Release|iPhone.Build.0 = Release|Any CPU
		{34AF2D2D-719F-4110-B3F9-4E9E0CA7AABF}.Release|iPhoneSimulator.ActiveCfg = Release|Any CPU
		{34AF2D2D-719F-4110-B3F9-4E9E0CA7AABF}.Release|iPhoneSimulator.Build.0 = Release|Any CPU
		{1E299BDA-62A3-474D-9773-66785740CC0D}.Debug|Any CPU.ActiveCfg = Debug|Any CPU
		{1E299BDA-62A3-474D-9773-66785740CC0D}.Debug|Any CPU.Build.0 = Debug|Any CPU
		{1E299BDA-62A3-474D-9773-66785740CC0D}.Debug|iPhone.ActiveCfg = Debug|Any CPU
		{1E299BDA-62A3-474D-9773-66785740CC0D}.Debug|iPhone.Build.0 = Debug|Any CPU
		{1E299BDA-62A3-474D-9773-66785740CC0D}.Debug|iPhoneSimulator.ActiveCfg = Debug|Any CPU
		{1E299BDA-62A3-474D-9773-66785740CC0D}.Debug|iPhoneSimulator.Build.0 = Debug|Any CPU
		{1E299BDA-62A3-474D-9773-66785740CC0D}.Release|Any CPU.ActiveCfg = Release|Any CPU
		{1E299BDA-62A3-474D-9773-66785740CC0D}.Release|Any CPU.Build.0 = Release|Any CPU
		{1E299BDA-62A3-474D-9773-66785740CC0D}.Release|iPhone.ActiveCfg = Release|Any CPU
		{1E299BDA-62A3-474D-9773-66785740CC0D}.Release|iPhone.Build.0 = Release|Any CPU
		{1E299BDA-62A3-474D-9773-66785740CC0D}.Release|iPhoneSimulator.ActiveCfg = Release|Any CPU
		{1E299BDA-62A3-474D-9773-66785740CC0D}.Release|iPhoneSimulator.Build.0 = Release|Any CPU
		{224888EC-776E-409A-AA66-C82F9215ECCB}.Debug|Any CPU.ActiveCfg = Debug|Any CPU
		{224888EC-776E-409A-AA66-C82F9215ECCB}.Debug|Any CPU.Build.0 = Debug|Any CPU
		{224888EC-776E-409A-AA66-C82F9215ECCB}.Debug|iPhone.ActiveCfg = Debug|Any CPU
		{224888EC-776E-409A-AA66-C82F9215ECCB}.Debug|iPhone.Build.0 = Debug|Any CPU
		{224888EC-776E-409A-AA66-C82F9215ECCB}.Debug|iPhoneSimulator.ActiveCfg = Debug|Any CPU
		{224888EC-776E-409A-AA66-C82F9215ECCB}.Debug|iPhoneSimulator.Build.0 = Debug|Any CPU
		{224888EC-776E-409A-AA66-C82F9215ECCB}.Release|Any CPU.ActiveCfg = Release|Any CPU
		{224888EC-776E-409A-AA66-C82F9215ECCB}.Release|Any CPU.Build.0 = Release|Any CPU
		{224888EC-776E-409A-AA66-C82F9215ECCB}.Release|iPhone.ActiveCfg = Release|Any CPU
		{224888EC-776E-409A-AA66-C82F9215ECCB}.Release|iPhone.Build.0 = Release|Any CPU
		{224888EC-776E-409A-AA66-C82F9215ECCB}.Release|iPhoneSimulator.ActiveCfg = Release|Any CPU
		{224888EC-776E-409A-AA66-C82F9215ECCB}.Release|iPhoneSimulator.Build.0 = Release|Any CPU
		{3B8B64CA-A7EE-451B-A249-9902172C5CE7}.Debug|Any CPU.ActiveCfg = Debug|Any CPU
		{3B8B64CA-A7EE-451B-A249-9902172C5CE7}.Debug|Any CPU.Build.0 = Debug|Any CPU
		{3B8B64CA-A7EE-451B-A249-9902172C5CE7}.Debug|iPhone.ActiveCfg = Debug|Any CPU
		{3B8B64CA-A7EE-451B-A249-9902172C5CE7}.Debug|iPhone.Build.0 = Debug|Any CPU
		{3B8B64CA-A7EE-451B-A249-9902172C5CE7}.Debug|iPhoneSimulator.ActiveCfg = Debug|Any CPU
		{3B8B64CA-A7EE-451B-A249-9902172C5CE7}.Debug|iPhoneSimulator.Build.0 = Debug|Any CPU
		{3B8B64CA-A7EE-451B-A249-9902172C5CE7}.Release|Any CPU.ActiveCfg = Release|Any CPU
		{3B8B64CA-A7EE-451B-A249-9902172C5CE7}.Release|Any CPU.Build.0 = Release|Any CPU
		{3B8B64CA-A7EE-451B-A249-9902172C5CE7}.Release|iPhone.ActiveCfg = Release|Any CPU
		{3B8B64CA-A7EE-451B-A249-9902172C5CE7}.Release|iPhone.Build.0 = Release|Any CPU
		{3B8B64CA-A7EE-451B-A249-9902172C5CE7}.Release|iPhoneSimulator.ActiveCfg = Release|Any CPU
		{3B8B64CA-A7EE-451B-A249-9902172C5CE7}.Release|iPhoneSimulator.Build.0 = Release|Any CPU
		{6AD26221-ECBC-4AE3-AEB0-13A8D51C34DD}.Debug|Any CPU.ActiveCfg = Debug|Any CPU
		{6AD26221-ECBC-4AE3-AEB0-13A8D51C34DD}.Debug|Any CPU.Build.0 = Debug|Any CPU
		{6AD26221-ECBC-4AE3-AEB0-13A8D51C34DD}.Debug|iPhone.ActiveCfg = Debug|Any CPU
		{6AD26221-ECBC-4AE3-AEB0-13A8D51C34DD}.Debug|iPhone.Build.0 = Debug|Any CPU
		{6AD26221-ECBC-4AE3-AEB0-13A8D51C34DD}.Debug|iPhoneSimulator.ActiveCfg = Debug|Any CPU
		{6AD26221-ECBC-4AE3-AEB0-13A8D51C34DD}.Debug|iPhoneSimulator.Build.0 = Debug|Any CPU
		{6AD26221-ECBC-4AE3-AEB0-13A8D51C34DD}.Release|Any CPU.ActiveCfg = Release|Any CPU
		{6AD26221-ECBC-4AE3-AEB0-13A8D51C34DD}.Release|Any CPU.Build.0 = Release|Any CPU
		{6AD26221-ECBC-4AE3-AEB0-13A8D51C34DD}.Release|iPhone.ActiveCfg = Release|Any CPU
		{6AD26221-ECBC-4AE3-AEB0-13A8D51C34DD}.Release|iPhone.Build.0 = Release|Any CPU
		{6AD26221-ECBC-4AE3-AEB0-13A8D51C34DD}.Release|iPhoneSimulator.ActiveCfg = Release|Any CPU
		{6AD26221-ECBC-4AE3-AEB0-13A8D51C34DD}.Release|iPhoneSimulator.Build.0 = Release|Any CPU
		{1654EB8F-091C-429B-819E-80917BCB8BDA}.Debug|Any CPU.ActiveCfg = Debug|Any CPU
		{1654EB8F-091C-429B-819E-80917BCB8BDA}.Debug|Any CPU.Build.0 = Debug|Any CPU
		{1654EB8F-091C-429B-819E-80917BCB8BDA}.Debug|iPhone.ActiveCfg = Debug|Any CPU
		{1654EB8F-091C-429B-819E-80917BCB8BDA}.Debug|iPhone.Build.0 = Debug|Any CPU
		{1654EB8F-091C-429B-819E-80917BCB8BDA}.Debug|iPhoneSimulator.ActiveCfg = Debug|Any CPU
		{1654EB8F-091C-429B-819E-80917BCB8BDA}.Debug|iPhoneSimulator.Build.0 = Debug|Any CPU
		{1654EB8F-091C-429B-819E-80917BCB8BDA}.Release|Any CPU.ActiveCfg = Release|Any CPU
		{1654EB8F-091C-429B-819E-80917BCB8BDA}.Release|Any CPU.Build.0 = Release|Any CPU
		{1654EB8F-091C-429B-819E-80917BCB8BDA}.Release|iPhone.ActiveCfg = Release|Any CPU
		{1654EB8F-091C-429B-819E-80917BCB8BDA}.Release|iPhone.Build.0 = Release|Any CPU
		{1654EB8F-091C-429B-819E-80917BCB8BDA}.Release|iPhoneSimulator.ActiveCfg = Release|Any CPU
		{1654EB8F-091C-429B-819E-80917BCB8BDA}.Release|iPhoneSimulator.Build.0 = Release|Any CPU
		{D7D3E0A6-89AD-4E3C-B3D6-5CB320D3B30F}.Debug|Any CPU.ActiveCfg = Debug|Any CPU
		{D7D3E0A6-89AD-4E3C-B3D6-5CB320D3B30F}.Debug|Any CPU.Build.0 = Debug|Any CPU
		{D7D3E0A6-89AD-4E3C-B3D6-5CB320D3B30F}.Debug|iPhone.ActiveCfg = Debug|Any CPU
		{D7D3E0A6-89AD-4E3C-B3D6-5CB320D3B30F}.Debug|iPhone.Build.0 = Debug|Any CPU
		{D7D3E0A6-89AD-4E3C-B3D6-5CB320D3B30F}.Debug|iPhoneSimulator.ActiveCfg = Debug|Any CPU
		{D7D3E0A6-89AD-4E3C-B3D6-5CB320D3B30F}.Debug|iPhoneSimulator.Build.0 = Debug|Any CPU
		{D7D3E0A6-89AD-4E3C-B3D6-5CB320D3B30F}.Release|Any CPU.ActiveCfg = Release|Any CPU
		{D7D3E0A6-89AD-4E3C-B3D6-5CB320D3B30F}.Release|Any CPU.Build.0 = Release|Any CPU
		{D7D3E0A6-89AD-4E3C-B3D6-5CB320D3B30F}.Release|iPhone.ActiveCfg = Release|Any CPU
		{D7D3E0A6-89AD-4E3C-B3D6-5CB320D3B30F}.Release|iPhone.Build.0 = Release|Any CPU
		{D7D3E0A6-89AD-4E3C-B3D6-5CB320D3B30F}.Release|iPhoneSimulator.ActiveCfg = Release|Any CPU
		{D7D3E0A6-89AD-4E3C-B3D6-5CB320D3B30F}.Release|iPhoneSimulator.Build.0 = Release|Any CPU
		{DEF6F16A-D84B-48DF-BE55-7C496B1510A3}.Debug|Any CPU.ActiveCfg = Debug|Any CPU
		{DEF6F16A-D84B-48DF-BE55-7C496B1510A3}.Debug|Any CPU.Build.0 = Debug|Any CPU
		{DEF6F16A-D84B-48DF-BE55-7C496B1510A3}.Debug|iPhone.ActiveCfg = Debug|Any CPU
		{DEF6F16A-D84B-48DF-BE55-7C496B1510A3}.Debug|iPhone.Build.0 = Debug|Any CPU
		{DEF6F16A-D84B-48DF-BE55-7C496B1510A3}.Debug|iPhoneSimulator.ActiveCfg = Debug|Any CPU
		{DEF6F16A-D84B-48DF-BE55-7C496B1510A3}.Debug|iPhoneSimulator.Build.0 = Debug|Any CPU
		{DEF6F16A-D84B-48DF-BE55-7C496B1510A3}.Release|Any CPU.ActiveCfg = Release|Any CPU
		{DEF6F16A-D84B-48DF-BE55-7C496B1510A3}.Release|Any CPU.Build.0 = Release|Any CPU
		{DEF6F16A-D84B-48DF-BE55-7C496B1510A3}.Release|iPhone.ActiveCfg = Release|Any CPU
		{DEF6F16A-D84B-48DF-BE55-7C496B1510A3}.Release|iPhone.Build.0 = Release|Any CPU
		{DEF6F16A-D84B-48DF-BE55-7C496B1510A3}.Release|iPhoneSimulator.ActiveCfg = Release|Any CPU
		{DEF6F16A-D84B-48DF-BE55-7C496B1510A3}.Release|iPhoneSimulator.Build.0 = Release|Any CPU
		{25928A41-6FB0-4D34-B9F5-30C9D7435EA3}.Debug|Any CPU.ActiveCfg = Debug|Any CPU
		{25928A41-6FB0-4D34-B9F5-30C9D7435EA3}.Debug|Any CPU.Build.0 = Debug|Any CPU
		{25928A41-6FB0-4D34-B9F5-30C9D7435EA3}.Debug|iPhone.ActiveCfg = Debug|Any CPU
		{25928A41-6FB0-4D34-B9F5-30C9D7435EA3}.Debug|iPhone.Build.0 = Debug|Any CPU
		{25928A41-6FB0-4D34-B9F5-30C9D7435EA3}.Debug|iPhoneSimulator.ActiveCfg = Debug|Any CPU
		{25928A41-6FB0-4D34-B9F5-30C9D7435EA3}.Debug|iPhoneSimulator.Build.0 = Debug|Any CPU
		{25928A41-6FB0-4D34-B9F5-30C9D7435EA3}.Release|Any CPU.ActiveCfg = Release|Any CPU
		{25928A41-6FB0-4D34-B9F5-30C9D7435EA3}.Release|Any CPU.Build.0 = Release|Any CPU
		{25928A41-6FB0-4D34-B9F5-30C9D7435EA3}.Release|iPhone.ActiveCfg = Release|Any CPU
		{25928A41-6FB0-4D34-B9F5-30C9D7435EA3}.Release|iPhone.Build.0 = Release|Any CPU
		{25928A41-6FB0-4D34-B9F5-30C9D7435EA3}.Release|iPhoneSimulator.ActiveCfg = Release|Any CPU
		{25928A41-6FB0-4D34-B9F5-30C9D7435EA3}.Release|iPhoneSimulator.Build.0 = Release|Any CPU
		{5E698B29-DFF7-4BA7-B4BD-01C8AEA32408}.Debug|Any CPU.ActiveCfg = Debug|Any CPU
		{5E698B29-DFF7-4BA7-B4BD-01C8AEA32408}.Debug|Any CPU.Build.0 = Debug|Any CPU
		{5E698B29-DFF7-4BA7-B4BD-01C8AEA32408}.Debug|iPhone.ActiveCfg = Debug|Any CPU
		{5E698B29-DFF7-4BA7-B4BD-01C8AEA32408}.Debug|iPhone.Build.0 = Debug|Any CPU
		{5E698B29-DFF7-4BA7-B4BD-01C8AEA32408}.Debug|iPhoneSimulator.ActiveCfg = Debug|Any CPU
		{5E698B29-DFF7-4BA7-B4BD-01C8AEA32408}.Debug|iPhoneSimulator.Build.0 = Debug|Any CPU
		{5E698B29-DFF7-4BA7-B4BD-01C8AEA32408}.Release|Any CPU.ActiveCfg = Release|Any CPU
		{5E698B29-DFF7-4BA7-B4BD-01C8AEA32408}.Release|Any CPU.Build.0 = Release|Any CPU
		{5E698B29-DFF7-4BA7-B4BD-01C8AEA32408}.Release|iPhone.ActiveCfg = Release|Any CPU
		{5E698B29-DFF7-4BA7-B4BD-01C8AEA32408}.Release|iPhone.Build.0 = Release|Any CPU
		{5E698B29-DFF7-4BA7-B4BD-01C8AEA32408}.Release|iPhoneSimulator.ActiveCfg = Release|Any CPU
		{5E698B29-DFF7-4BA7-B4BD-01C8AEA32408}.Release|iPhoneSimulator.Build.0 = Release|Any CPU
		{09DD0371-A915-48DA-B576-7717A368B676}.Debug|Any CPU.ActiveCfg = Debug|Any CPU
		{09DD0371-A915-48DA-B576-7717A368B676}.Debug|Any CPU.Build.0 = Debug|Any CPU
		{09DD0371-A915-48DA-B576-7717A368B676}.Debug|iPhone.ActiveCfg = Debug|Any CPU
		{09DD0371-A915-48DA-B576-7717A368B676}.Debug|iPhone.Build.0 = Debug|Any CPU
		{09DD0371-A915-48DA-B576-7717A368B676}.Debug|iPhoneSimulator.ActiveCfg = Debug|Any CPU
		{09DD0371-A915-48DA-B576-7717A368B676}.Debug|iPhoneSimulator.Build.0 = Debug|Any CPU
		{09DD0371-A915-48DA-B576-7717A368B676}.Release|Any CPU.ActiveCfg = Release|Any CPU
		{09DD0371-A915-48DA-B576-7717A368B676}.Release|Any CPU.Build.0 = Release|Any CPU
		{09DD0371-A915-48DA-B576-7717A368B676}.Release|iPhone.ActiveCfg = Release|Any CPU
		{09DD0371-A915-48DA-B576-7717A368B676}.Release|iPhone.Build.0 = Release|Any CPU
		{09DD0371-A915-48DA-B576-7717A368B676}.Release|iPhoneSimulator.ActiveCfg = Release|Any CPU
		{09DD0371-A915-48DA-B576-7717A368B676}.Release|iPhoneSimulator.Build.0 = Release|Any CPU
		{65165379-A25D-4E02-AC0A-FB81DA34D2A8}.Debug|Any CPU.ActiveCfg = Debug|Any CPU
		{65165379-A25D-4E02-AC0A-FB81DA34D2A8}.Debug|Any CPU.Build.0 = Debug|Any CPU
		{65165379-A25D-4E02-AC0A-FB81DA34D2A8}.Debug|iPhone.ActiveCfg = Debug|Any CPU
		{65165379-A25D-4E02-AC0A-FB81DA34D2A8}.Debug|iPhone.Build.0 = Debug|Any CPU
		{65165379-A25D-4E02-AC0A-FB81DA34D2A8}.Debug|iPhoneSimulator.ActiveCfg = Debug|Any CPU
		{65165379-A25D-4E02-AC0A-FB81DA34D2A8}.Debug|iPhoneSimulator.Build.0 = Debug|Any CPU
		{65165379-A25D-4E02-AC0A-FB81DA34D2A8}.Release|Any CPU.ActiveCfg = Release|Any CPU
		{65165379-A25D-4E02-AC0A-FB81DA34D2A8}.Release|Any CPU.Build.0 = Release|Any CPU
		{65165379-A25D-4E02-AC0A-FB81DA34D2A8}.Release|iPhone.ActiveCfg = Release|Any CPU
		{65165379-A25D-4E02-AC0A-FB81DA34D2A8}.Release|iPhone.Build.0 = Release|Any CPU
		{65165379-A25D-4E02-AC0A-FB81DA34D2A8}.Release|iPhoneSimulator.ActiveCfg = Release|Any CPU
		{65165379-A25D-4E02-AC0A-FB81DA34D2A8}.Release|iPhoneSimulator.Build.0 = Release|Any CPU
		{3A626781-4296-4B6E-8664-97C4F3D93FD3}.Debug|Any CPU.ActiveCfg = Debug|Any CPU
		{3A626781-4296-4B6E-8664-97C4F3D93FD3}.Debug|Any CPU.Build.0 = Debug|Any CPU
		{3A626781-4296-4B6E-8664-97C4F3D93FD3}.Debug|iPhone.ActiveCfg = Debug|Any CPU
		{3A626781-4296-4B6E-8664-97C4F3D93FD3}.Debug|iPhone.Build.0 = Debug|Any CPU
		{3A626781-4296-4B6E-8664-97C4F3D93FD3}.Debug|iPhoneSimulator.ActiveCfg = Debug|Any CPU
		{3A626781-4296-4B6E-8664-97C4F3D93FD3}.Debug|iPhoneSimulator.Build.0 = Debug|Any CPU
		{3A626781-4296-4B6E-8664-97C4F3D93FD3}.Release|Any CPU.ActiveCfg = Release|Any CPU
		{3A626781-4296-4B6E-8664-97C4F3D93FD3}.Release|Any CPU.Build.0 = Release|Any CPU
		{3A626781-4296-4B6E-8664-97C4F3D93FD3}.Release|iPhone.ActiveCfg = Release|Any CPU
		{3A626781-4296-4B6E-8664-97C4F3D93FD3}.Release|iPhone.Build.0 = Release|Any CPU
		{3A626781-4296-4B6E-8664-97C4F3D93FD3}.Release|iPhoneSimulator.ActiveCfg = Release|Any CPU
		{3A626781-4296-4B6E-8664-97C4F3D93FD3}.Release|iPhoneSimulator.Build.0 = Release|Any CPU
		{663E7D06-90A2-44C8-9089-D2A6CEEFF3DC}.Debug|Any CPU.ActiveCfg = Debug|Any CPU
		{663E7D06-90A2-44C8-9089-D2A6CEEFF3DC}.Debug|Any CPU.Build.0 = Debug|Any CPU
		{663E7D06-90A2-44C8-9089-D2A6CEEFF3DC}.Debug|iPhone.ActiveCfg = Debug|Any CPU
		{663E7D06-90A2-44C8-9089-D2A6CEEFF3DC}.Debug|iPhone.Build.0 = Debug|Any CPU
		{663E7D06-90A2-44C8-9089-D2A6CEEFF3DC}.Debug|iPhoneSimulator.ActiveCfg = Debug|Any CPU
		{663E7D06-90A2-44C8-9089-D2A6CEEFF3DC}.Debug|iPhoneSimulator.Build.0 = Debug|Any CPU
		{663E7D06-90A2-44C8-9089-D2A6CEEFF3DC}.Release|Any CPU.ActiveCfg = Release|Any CPU
		{663E7D06-90A2-44C8-9089-D2A6CEEFF3DC}.Release|Any CPU.Build.0 = Release|Any CPU
		{663E7D06-90A2-44C8-9089-D2A6CEEFF3DC}.Release|iPhone.ActiveCfg = Release|Any CPU
		{663E7D06-90A2-44C8-9089-D2A6CEEFF3DC}.Release|iPhone.Build.0 = Release|Any CPU
		{663E7D06-90A2-44C8-9089-D2A6CEEFF3DC}.Release|iPhoneSimulator.ActiveCfg = Release|Any CPU
		{663E7D06-90A2-44C8-9089-D2A6CEEFF3DC}.Release|iPhoneSimulator.Build.0 = Release|Any CPU
		{5D704B2B-4036-4EE2-8015-DA093999C858}.Debug|Any CPU.ActiveCfg = Debug|Any CPU
		{5D704B2B-4036-4EE2-8015-DA093999C858}.Debug|Any CPU.Build.0 = Debug|Any CPU
		{5D704B2B-4036-4EE2-8015-DA093999C858}.Debug|iPhone.ActiveCfg = Debug|Any CPU
		{5D704B2B-4036-4EE2-8015-DA093999C858}.Debug|iPhone.Build.0 = Debug|Any CPU
		{5D704B2B-4036-4EE2-8015-DA093999C858}.Debug|iPhoneSimulator.ActiveCfg = Debug|Any CPU
		{5D704B2B-4036-4EE2-8015-DA093999C858}.Debug|iPhoneSimulator.Build.0 = Debug|Any CPU
		{5D704B2B-4036-4EE2-8015-DA093999C858}.Release|Any CPU.ActiveCfg = Release|Any CPU
		{5D704B2B-4036-4EE2-8015-DA093999C858}.Release|Any CPU.Build.0 = Release|Any CPU
		{5D704B2B-4036-4EE2-8015-DA093999C858}.Release|iPhone.ActiveCfg = Release|Any CPU
		{5D704B2B-4036-4EE2-8015-DA093999C858}.Release|iPhone.Build.0 = Release|Any CPU
		{5D704B2B-4036-4EE2-8015-DA093999C858}.Release|iPhoneSimulator.ActiveCfg = Release|Any CPU
		{5D704B2B-4036-4EE2-8015-DA093999C858}.Release|iPhoneSimulator.Build.0 = Release|Any CPU
		{C9DAE30B-9AFE-431F-8A90-1F6EC537422A}.Debug|Any CPU.ActiveCfg = Debug|Any CPU
		{C9DAE30B-9AFE-431F-8A90-1F6EC537422A}.Debug|Any CPU.Build.0 = Debug|Any CPU
		{C9DAE30B-9AFE-431F-8A90-1F6EC537422A}.Debug|iPhone.ActiveCfg = Debug|Any CPU
		{C9DAE30B-9AFE-431F-8A90-1F6EC537422A}.Debug|iPhone.Build.0 = Debug|Any CPU
		{C9DAE30B-9AFE-431F-8A90-1F6EC537422A}.Debug|iPhoneSimulator.ActiveCfg = Debug|Any CPU
		{C9DAE30B-9AFE-431F-8A90-1F6EC537422A}.Debug|iPhoneSimulator.Build.0 = Debug|Any CPU
		{C9DAE30B-9AFE-431F-8A90-1F6EC537422A}.Release|Any CPU.ActiveCfg = Release|Any CPU
		{C9DAE30B-9AFE-431F-8A90-1F6EC537422A}.Release|Any CPU.Build.0 = Release|Any CPU
		{C9DAE30B-9AFE-431F-8A90-1F6EC537422A}.Release|iPhone.ActiveCfg = Release|Any CPU
		{C9DAE30B-9AFE-431F-8A90-1F6EC537422A}.Release|iPhone.Build.0 = Release|Any CPU
		{C9DAE30B-9AFE-431F-8A90-1F6EC537422A}.Release|iPhoneSimulator.ActiveCfg = Release|Any CPU
		{C9DAE30B-9AFE-431F-8A90-1F6EC537422A}.Release|iPhoneSimulator.Build.0 = Release|Any CPU
		{767576B3-32CE-4B56-A1E4-C7008B87D69B}.Debug|Any CPU.ActiveCfg = Debug|Any CPU
		{767576B3-32CE-4B56-A1E4-C7008B87D69B}.Debug|Any CPU.Build.0 = Debug|Any CPU
		{767576B3-32CE-4B56-A1E4-C7008B87D69B}.Debug|iPhone.ActiveCfg = Debug|Any CPU
		{767576B3-32CE-4B56-A1E4-C7008B87D69B}.Debug|iPhone.Build.0 = Debug|Any CPU
		{767576B3-32CE-4B56-A1E4-C7008B87D69B}.Debug|iPhoneSimulator.ActiveCfg = Debug|Any CPU
		{767576B3-32CE-4B56-A1E4-C7008B87D69B}.Debug|iPhoneSimulator.Build.0 = Debug|Any CPU
		{767576B3-32CE-4B56-A1E4-C7008B87D69B}.Release|Any CPU.ActiveCfg = Release|Any CPU
		{767576B3-32CE-4B56-A1E4-C7008B87D69B}.Release|Any CPU.Build.0 = Release|Any CPU
		{767576B3-32CE-4B56-A1E4-C7008B87D69B}.Release|iPhone.ActiveCfg = Release|Any CPU
		{767576B3-32CE-4B56-A1E4-C7008B87D69B}.Release|iPhone.Build.0 = Release|Any CPU
		{767576B3-32CE-4B56-A1E4-C7008B87D69B}.Release|iPhoneSimulator.ActiveCfg = Release|Any CPU
		{767576B3-32CE-4B56-A1E4-C7008B87D69B}.Release|iPhoneSimulator.Build.0 = Release|Any CPU
		{3EB2D2C5-950C-40E5-9956-D6E978F05CE9}.Debug|Any CPU.ActiveCfg = Debug|Any CPU
		{3EB2D2C5-950C-40E5-9956-D6E978F05CE9}.Debug|Any CPU.Build.0 = Debug|Any CPU
		{3EB2D2C5-950C-40E5-9956-D6E978F05CE9}.Debug|iPhone.ActiveCfg = Debug|Any CPU
		{3EB2D2C5-950C-40E5-9956-D6E978F05CE9}.Debug|iPhone.Build.0 = Debug|Any CPU
		{3EB2D2C5-950C-40E5-9956-D6E978F05CE9}.Debug|iPhoneSimulator.ActiveCfg = Debug|Any CPU
		{3EB2D2C5-950C-40E5-9956-D6E978F05CE9}.Debug|iPhoneSimulator.Build.0 = Debug|Any CPU
		{3EB2D2C5-950C-40E5-9956-D6E978F05CE9}.Release|Any CPU.ActiveCfg = Release|Any CPU
		{3EB2D2C5-950C-40E5-9956-D6E978F05CE9}.Release|Any CPU.Build.0 = Release|Any CPU
		{3EB2D2C5-950C-40E5-9956-D6E978F05CE9}.Release|iPhone.ActiveCfg = Release|Any CPU
		{3EB2D2C5-950C-40E5-9956-D6E978F05CE9}.Release|iPhone.Build.0 = Release|Any CPU
		{3EB2D2C5-950C-40E5-9956-D6E978F05CE9}.Release|iPhoneSimulator.ActiveCfg = Release|Any CPU
		{3EB2D2C5-950C-40E5-9956-D6E978F05CE9}.Release|iPhoneSimulator.Build.0 = Release|Any CPU
		{EBDAED67-8DB4-4F7B-A877-B41D234631D3}.Debug|Any CPU.ActiveCfg = Debug|Any CPU
		{EBDAED67-8DB4-4F7B-A877-B41D234631D3}.Debug|Any CPU.Build.0 = Debug|Any CPU
		{EBDAED67-8DB4-4F7B-A877-B41D234631D3}.Debug|iPhone.ActiveCfg = Debug|Any CPU
		{EBDAED67-8DB4-4F7B-A877-B41D234631D3}.Debug|iPhone.Build.0 = Debug|Any CPU
		{EBDAED67-8DB4-4F7B-A877-B41D234631D3}.Debug|iPhoneSimulator.ActiveCfg = Debug|Any CPU
		{EBDAED67-8DB4-4F7B-A877-B41D234631D3}.Debug|iPhoneSimulator.Build.0 = Debug|Any CPU
		{EBDAED67-8DB4-4F7B-A877-B41D234631D3}.Release|Any CPU.ActiveCfg = Release|Any CPU
		{EBDAED67-8DB4-4F7B-A877-B41D234631D3}.Release|Any CPU.Build.0 = Release|Any CPU
		{EBDAED67-8DB4-4F7B-A877-B41D234631D3}.Release|iPhone.ActiveCfg = Release|Any CPU
		{EBDAED67-8DB4-4F7B-A877-B41D234631D3}.Release|iPhone.Build.0 = Release|Any CPU
		{EBDAED67-8DB4-4F7B-A877-B41D234631D3}.Release|iPhoneSimulator.ActiveCfg = Release|Any CPU
		{EBDAED67-8DB4-4F7B-A877-B41D234631D3}.Release|iPhoneSimulator.Build.0 = Release|Any CPU
		{64229252-DA62-4699-B999-5E1A43692EDA}.Debug|Any CPU.ActiveCfg = Debug|Any CPU
		{64229252-DA62-4699-B999-5E1A43692EDA}.Debug|Any CPU.Build.0 = Debug|Any CPU
		{64229252-DA62-4699-B999-5E1A43692EDA}.Debug|iPhone.ActiveCfg = Debug|Any CPU
		{64229252-DA62-4699-B999-5E1A43692EDA}.Debug|iPhone.Build.0 = Debug|Any CPU
		{64229252-DA62-4699-B999-5E1A43692EDA}.Debug|iPhoneSimulator.ActiveCfg = Debug|Any CPU
		{64229252-DA62-4699-B999-5E1A43692EDA}.Debug|iPhoneSimulator.Build.0 = Debug|Any CPU
		{64229252-DA62-4699-B999-5E1A43692EDA}.Release|Any CPU.ActiveCfg = Release|Any CPU
		{64229252-DA62-4699-B999-5E1A43692EDA}.Release|Any CPU.Build.0 = Release|Any CPU
		{64229252-DA62-4699-B999-5E1A43692EDA}.Release|iPhone.ActiveCfg = Release|Any CPU
		{64229252-DA62-4699-B999-5E1A43692EDA}.Release|iPhone.Build.0 = Release|Any CPU
		{64229252-DA62-4699-B999-5E1A43692EDA}.Release|iPhoneSimulator.ActiveCfg = Release|Any CPU
		{64229252-DA62-4699-B999-5E1A43692EDA}.Release|iPhoneSimulator.Build.0 = Release|Any CPU
		{CA88FF38-977F-49F4-BE82-1DDD08F07E52}.Debug|Any CPU.ActiveCfg = Debug|Any CPU
		{CA88FF38-977F-49F4-BE82-1DDD08F07E52}.Debug|Any CPU.Build.0 = Debug|Any CPU
		{CA88FF38-977F-49F4-BE82-1DDD08F07E52}.Debug|iPhone.ActiveCfg = Debug|Any CPU
		{CA88FF38-977F-49F4-BE82-1DDD08F07E52}.Debug|iPhone.Build.0 = Debug|Any CPU
		{CA88FF38-977F-49F4-BE82-1DDD08F07E52}.Debug|iPhoneSimulator.ActiveCfg = Debug|Any CPU
		{CA88FF38-977F-49F4-BE82-1DDD08F07E52}.Debug|iPhoneSimulator.Build.0 = Debug|Any CPU
		{CA88FF38-977F-49F4-BE82-1DDD08F07E52}.Release|Any CPU.ActiveCfg = Release|Any CPU
		{CA88FF38-977F-49F4-BE82-1DDD08F07E52}.Release|Any CPU.Build.0 = Release|Any CPU
		{CA88FF38-977F-49F4-BE82-1DDD08F07E52}.Release|iPhone.ActiveCfg = Release|Any CPU
		{CA88FF38-977F-49F4-BE82-1DDD08F07E52}.Release|iPhone.Build.0 = Release|Any CPU
		{CA88FF38-977F-49F4-BE82-1DDD08F07E52}.Release|iPhoneSimulator.ActiveCfg = Release|Any CPU
		{CA88FF38-977F-49F4-BE82-1DDD08F07E52}.Release|iPhoneSimulator.Build.0 = Release|Any CPU
	EndGlobalSection
	GlobalSection(SolutionProperties) = preSolution
		HideSolutionNode = FALSE
	EndGlobalSection
	GlobalSection(NestedProjects) = preSolution
		{E74D0747-D4EC-4554-8BB3-FEEA91B72CB6} = {0BBD29BA-2391-4E97-B14E-8998026F465E}
		{472D7DA6-E613-420C-8815-EE5375165D9E} = {0BBD29BA-2391-4E97-B14E-8998026F465E}
		{7EAE456C-50E2-48FB-ABE1-37BFC9728865} = {0BBD29BA-2391-4E97-B14E-8998026F465E}
		{EB8F253B-2171-4A6B-A41F-D67B7B9544EE} = {7D517D35-39BC-42A6-BE68-3BC32B26E3B1}
		{4636BD10-48C4-4467-A8E2-663356A29600} = {BE05B1F2-76AF-470A-95E1-218F69376FC7}
		{678BA9F3-54BD-4CB7-AACB-51FA254AABCC} = {BE05B1F2-76AF-470A-95E1-218F69376FC7}
		{88901640-580A-4197-A70D-3656C80D7532} = {BE05B1F2-76AF-470A-95E1-218F69376FC7}
		{DC974608-1C77-46DC-AC94-8E1FB9F368BA} = {BE05B1F2-76AF-470A-95E1-218F69376FC7}
		{073CA78C-2247-49C0-A581-2FF347D317A9} = {BE05B1F2-76AF-470A-95E1-218F69376FC7}
		{34448B53-54A4-4349-A61E-B7C0F7DE3B4A} = {BE05B1F2-76AF-470A-95E1-218F69376FC7}
		{C4EA7957-26AF-49DD-9844-75F617033559} = {BE05B1F2-76AF-470A-95E1-218F69376FC7}
		{48674EB9-7A07-4BF3-A33A-9E03A0082588} = {BE05B1F2-76AF-470A-95E1-218F69376FC7}
		{95625AEF-3E59-4F16-88AA-82ADDB4C8AD3} = {BE05B1F2-76AF-470A-95E1-218F69376FC7}
		{94FB1C26-757C-4937-A9B5-C39A3088148C} = {BE05B1F2-76AF-470A-95E1-218F69376FC7}
		{A0B214C0-8491-40DA-A76F-D2247F9AEBAD} = {BE05B1F2-76AF-470A-95E1-218F69376FC7}
		{C1D813BE-0A35-4F3C-9EA4-2B659A6908B0} = {BE05B1F2-76AF-470A-95E1-218F69376FC7}
		{D279530A-3BB1-4452-BB54-3716954179BE} = {BE05B1F2-76AF-470A-95E1-218F69376FC7}
		{F3905E27-1C76-4611-8199-B603FC792407} = {BE05B1F2-76AF-470A-95E1-218F69376FC7}
		{0147DB77-F4F4-42C3-9E21-1FE77B8684CA} = {344CB2F4-4CC3-4C3A-B21C-B5DDFC35D348}
		{B36DFBD2-6195-4593-B849-1845A4317454} = {344CB2F4-4CC3-4C3A-B21C-B5DDFC35D348}
		{342E4CCE-B36D-4E85-93C7-A2DA55A4F14E} = {344CB2F4-4CC3-4C3A-B21C-B5DDFC35D348}
		{17F24ABA-13C0-4D8E-A25A-26280E79CB5B} = {344CB2F4-4CC3-4C3A-B21C-B5DDFC35D348}
		{6DBA488D-EAEC-4C70-A964-5C887ECB5E2C} = {344CB2F4-4CC3-4C3A-B21C-B5DDFC35D348}
		{0B19C2DB-51AB-4510-A82B-213DEA042D1A} = {344CB2F4-4CC3-4C3A-B21C-B5DDFC35D348}
		{D47588FB-9D82-462E-9ED8-609BF222F42E} = {344CB2F4-4CC3-4C3A-B21C-B5DDFC35D348}
		{FD106B17-C0A5-4E4D-8A67-E83094777B01} = {344CB2F4-4CC3-4C3A-B21C-B5DDFC35D348}
		{B444992F-53E8-4012-B6A2-53F3B8A7E3BF} = {344CB2F4-4CC3-4C3A-B21C-B5DDFC35D348}
		{8C0C4FCD-E2E6-44A7-8C86-BD68B8918ACE} = {344CB2F4-4CC3-4C3A-B21C-B5DDFC35D348}
		{717F61F6-EEEB-474B-9E47-0DCFFA238C48} = {344CB2F4-4CC3-4C3A-B21C-B5DDFC35D348}
		{085B897F-DE50-4F5B-AE15-F704601EAD5D} = {344CB2F4-4CC3-4C3A-B21C-B5DDFC35D348}
		{5FE4B39D-2C72-48A4-AE8C-ADFED8D68D1F} = {344CB2F4-4CC3-4C3A-B21C-B5DDFC35D348}
		{01CACCCD-F853-4BBF-BA9A-5BA5154C10A7} = {344CB2F4-4CC3-4C3A-B21C-B5DDFC35D348}
		{EAA162BF-F72B-46E3-85B9-D487BFD9FFC8} = {344CB2F4-4CC3-4C3A-B21C-B5DDFC35D348}
		{8B8F279C-EC9F-4513-AEC6-B9A306ADB682} = {344CB2F4-4CC3-4C3A-B21C-B5DDFC35D348}
		{9D0263C4-1D04-4224-9A13-CB8A2BC66024} = {344CB2F4-4CC3-4C3A-B21C-B5DDFC35D348}
		{2880CAEA-8EF8-45D3-A9CB-89438BB96EE1} = {344CB2F4-4CC3-4C3A-B21C-B5DDFC35D348}
		{2C28643B-C96A-46B9-8269-C9BF23D271CA} = {1B88A312-272E-44EC-B51C-F95BAC313E3F}
		{48864B95-1BC8-457B-A893-0BD754E271FF} = {1B88A312-272E-44EC-B51C-F95BAC313E3F}
		{924B5A49-07E5-4393-8931-CBAD08CC30F9} = {1B88A312-272E-44EC-B51C-F95BAC313E3F}
		{261D6D5D-8707-4F1E-BBA5-B6A7BE0BE290} = {1B88A312-272E-44EC-B51C-F95BAC313E3F}
		{34AF2D2D-719F-4110-B3F9-4E9E0CA7AABF} = {1B88A312-272E-44EC-B51C-F95BAC313E3F}
		{1E299BDA-62A3-474D-9773-66785740CC0D} = {1B88A312-272E-44EC-B51C-F95BAC313E3F}
		{224888EC-776E-409A-AA66-C82F9215ECCB} = {1B88A312-272E-44EC-B51C-F95BAC313E3F}
		{3B8B64CA-A7EE-451B-A249-9902172C5CE7} = {1B88A312-272E-44EC-B51C-F95BAC313E3F}
		{6AD26221-ECBC-4AE3-AEB0-13A8D51C34DD} = {1B88A312-272E-44EC-B51C-F95BAC313E3F}
		{1654EB8F-091C-429B-819E-80917BCB8BDA} = {1B88A312-272E-44EC-B51C-F95BAC313E3F}
		{D7D3E0A6-89AD-4E3C-B3D6-5CB320D3B30F} = {6E6D906E-3B7F-4921-B281-7863AB565088}
		{DEF6F16A-D84B-48DF-BE55-7C496B1510A3} = {6E6D906E-3B7F-4921-B281-7863AB565088}
		{25928A41-6FB0-4D34-B9F5-30C9D7435EA3} = {6E6D906E-3B7F-4921-B281-7863AB565088}
		{5E698B29-DFF7-4BA7-B4BD-01C8AEA32408} = {6E6D906E-3B7F-4921-B281-7863AB565088}
		{09DD0371-A915-48DA-B576-7717A368B676} = {6E6D906E-3B7F-4921-B281-7863AB565088}
		{65165379-A25D-4E02-AC0A-FB81DA34D2A8} = {6E6D906E-3B7F-4921-B281-7863AB565088}
		{3A626781-4296-4B6E-8664-97C4F3D93FD3} = {6E6D906E-3B7F-4921-B281-7863AB565088}
		{663E7D06-90A2-44C8-9089-D2A6CEEFF3DC} = {6E6D906E-3B7F-4921-B281-7863AB565088}
		{5D704B2B-4036-4EE2-8015-DA093999C858} = {6E6D906E-3B7F-4921-B281-7863AB565088}
		{C9DAE30B-9AFE-431F-8A90-1F6EC537422A} = {6E6D906E-3B7F-4921-B281-7863AB565088}
		{767576B3-32CE-4B56-A1E4-C7008B87D69B} = {6E6D906E-3B7F-4921-B281-7863AB565088}
		{3EB2D2C5-950C-40E5-9956-D6E978F05CE9} = {6E6D906E-3B7F-4921-B281-7863AB565088}
		{EBDAED67-8DB4-4F7B-A877-B41D234631D3} = {6E6D906E-3B7F-4921-B281-7863AB565088}
		{64229252-DA62-4699-B999-5E1A43692EDA} = {6E6D906E-3B7F-4921-B281-7863AB565088}
		{CA88FF38-977F-49F4-BE82-1DDD08F07E52} = {6E6D906E-3B7F-4921-B281-7863AB565088}
	EndGlobalSection
	GlobalSection(ExtensibilityGlobals) = postSolution
		SolutionGuid = {E60253E7-7B9A-41C2-A0BF-E355FFFFC2A3}
	EndGlobalSection
EndGlobal
