
Microsoft Visual Studio Solution File, Format Version 12.00
# Visual Studio 15
VisualStudioVersion = 15.0.26430.16
MinimumVisualStudioVersion = 10.0.40219.1
Project("{FAE04EC0-301F-11D3-BF4B-00C04F79EFBC}") = "Uvodni", "ConsoleApp1\Uvodni.csproj", "{31F30331-D9D7-4529-9C4C-B096F2654F21}"
EndProject
Project("{FAE04EC0-301F-11D3-BF4B-00C04F79EFBC}") = "Zbroj", "Zbroj\Zbroj.csproj", "{56937A75-C09F-4D62-9E6A-72C3856EBEBC}"
EndProject
Project("{2150E333-8FDC-42A3-9474-1A3956D46DE8}") = "4.1_Uvod", "4.1_Uvod", "{0BBD29BA-2391-4E97-B14E-8998026F465E}"
EndProject
Project("{FAE04EC0-301F-11D3-BF4B-00C04F79EFBC}") = "Hello", "Hello\Hello.csproj", "{E74D0747-D4EC-4554-8BB3-FEEA91B72CB6}"
EndProject
Project("{FAE04EC0-301F-11D3-BF4B-00C04F79EFBC}") = "Ispis", "Ispis\Ispis.csproj", "{472D7DA6-E613-420C-8815-EE5375165D9E}"
EndProject
Project("{FAE04EC0-301F-11D3-BF4B-00C04F79EFBC}") = "Ispis ledište, vrelište", "Ispis ledište, vrelište\Ispis ledište, vrelište.csproj", "{7EAE456C-50E2-48FB-ABE1-37BFC9728865}"
EndProject
Project("{2150E333-8FDC-42A3-9474-1A3956D46DE8}") = "5.1_Varijable", "5.1_Varijable", "{7D517D35-39BC-42A6-BE68-3BC32B26E3B1}"
EndProject
Project("{9A19103F-16F7-4668-BE54-9A1E7A4F7556}") = "zbroj_razlika", "zbroj_razlika\zbroj_razlika.csproj", "{EB8F253B-2171-4A6B-A41F-D67B7B9544EE}"
EndProject
Project("{2150E333-8FDC-42A3-9474-1A3956D46DE8}") = "5.2_Uvjetno_grananje", "5.2_Uvjetno_grananje", "{BE05B1F2-76AF-470A-95E1-218F69376FC7}"
EndProject
Project("{FAE04EC0-301F-11D3-BF4B-00C04F79EFBC}") = "naredba_If", "Naredba if\naredba_If.csproj", "{4636BD10-48C4-4467-A8E2-663356A29600}"
EndProject
Project("{FAE04EC0-301F-11D3-BF4B-00C04F79EFBC}") = "Primjer_5.2.1.2", "Primjer_5.2.1.2\Primjer_5.2.1.2.csproj", "{678BA9F3-54BD-4CB7-AACB-51FA254AABCC}"
EndProject
Project("{FAE04EC0-301F-11D3-BF4B-00C04F79EFBC}") = "naredba_Switch", "Naredba switch\naredba_Switch.csproj", "{88901640-580A-4197-A70D-3656C80D7532}"
EndProject
Project("{FAE04EC0-301F-11D3-BF4B-00C04F79EFBC}") = "exception", "exception\exception.csproj", "{DC974608-1C77-46DC-AC94-8E1FB9F368BA}"
EndProject
Project("{FAE04EC0-301F-11D3-BF4B-00C04F79EFBC}") = "primjer_5.2.4.2", "primjer_5.2.4.2\primjer_5.2.4.2.csproj", "{073CA78C-2247-49C0-A581-2FF347D317A9}"
EndProject
Project("{FAE04EC0-301F-11D3-BF4B-00C04F79EFBC}") = "primjer_5.2.4.3", "primjer_5.2.4.3\primjer_5.2.4.3.csproj", "{34448B53-54A4-4349-A61E-B7C0F7DE3B4A}"
EndProject
Project("{FAE04EC0-301F-11D3-BF4B-00C04F79EFBC}") = "primjer_5.2.5", "primjer_5.2.5\primjer_5.2.5.csproj", "{C4EA7957-26AF-49DD-9844-75F617033559}"
EndProject
Project("{FAE04EC0-301F-11D3-BF4B-00C04F79EFBC}") = "zadatak_5.2.3", "zadatak_5.2.3\zadatak_5.2.3.csproj", "{48674EB9-7A07-4BF3-A33A-9E03A0082588}"
EndProject
Project("{FAE04EC0-301F-11D3-BF4B-00C04F79EFBC}") = "zadatak_5.2.4", "zadatak_5.2.4\zadatak_5.2.4.csproj", "{95625AEF-3E59-4F16-88AA-82ADDB4C8AD3}"
EndProject
Project("{FAE04EC0-301F-11D3-BF4B-00C04F79EFBC}") = "zadatak_5.2.5", "zadatak_5.2.5\zadatak_5.2.5.csproj", "{94FB1C26-757C-4937-A9B5-C39A3088148C}"
EndProject
Project("{FAE04EC0-301F-11D3-BF4B-00C04F79EFBC}") = "zadatak_5.2.6", "zadatak_5.2.6\zadatak_5.2.6.csproj", "{A0B214C0-8491-40DA-A76F-D2247F9AEBAD}"
EndProject
Project("{FAE04EC0-301F-11D3-BF4B-00C04F79EFBC}") = "zadatak_5.2.7", "zadatak_5.2.7\zadatak_5.2.7.csproj", "{C1D813BE-0A35-4F3C-9EA4-2B659A6908B0}"
EndProject
Project("{FAE04EC0-301F-11D3-BF4B-00C04F79EFBC}") = "zadatak_5.2.8", "zadatak_5.2.8\zadatak_5.2.8.csproj", "{D279530A-3BB1-4452-BB54-3716954179BE}"
EndProject
Project("{FAE04EC0-301F-11D3-BF4B-00C04F79EFBC}") = "zadatak_5.2.9", "zadatak_5.2.9\zadatak_5.2.9.csproj", "{F3905E27-1C76-4611-8199-B603FC792407}"
EndProject
Project("{2150E333-8FDC-42A3-9474-1A3956D46DE8}") = "5.3_Ciklicke_petlje", "5.3_Ciklicke_petlje", "{344CB2F4-4CC3-4C3A-B21C-B5DDFC35D348}"
EndProject
Project("{FAE04EC0-301F-11D3-BF4B-00C04F79EFBC}") = "primjer_for", "primjer_5.3.1.1\primjer_for.csproj", "{0147DB77-F4F4-42C3-9E21-1FE77B8684CA}"
EndProject
Project("{FAE04EC0-301F-11D3-BF4B-00C04F79EFBC}") = "primjer_5.3.1.3", "primjer_5.3.1.3\primjer_5.3.1.3.csproj", "{B36DFBD2-6195-4593-B849-1845A4317454}"
EndProject
Project("{FAE04EC0-301F-11D3-BF4B-00C04F79EFBC}") = "petlja_while", "petlja_while\petlja_while.csproj", "{342E4CCE-B36D-4E85-93C7-A2DA55A4F14E}"
EndProject
Project("{FAE04EC0-301F-11D3-BF4B-00C04F79EFBC}") = "zadatak_5.3.1", "zadatak_5.3.1\zadatak_5.3.1.csproj", "{17F24ABA-13C0-4D8E-A25A-26280E79CB5B}"
EndProject
Project("{FAE04EC0-301F-11D3-BF4B-00C04F79EFBC}") = "zadatak_5.3.3", "zadatak_5.3.3\zadatak_5.3.3.csproj", "{6DBA488D-EAEC-4C70-A964-5C887ECB5E2C}"
EndProject
Project("{FAE04EC0-301F-11D3-BF4B-00C04F79EFBC}") = "zadatak_5.3.4", "zadatak_5.3.4\zadatak_5.3.4.csproj", "{0B19C2DB-51AB-4510-A82B-213DEA042D1A}"
EndProject
Global
	GlobalSection(SolutionConfigurationPlatforms) = preSolution
		Debug|Any CPU = Debug|Any CPU
		Release|Any CPU = Release|Any CPU
	EndGlobalSection
	GlobalSection(ProjectConfigurationPlatforms) = postSolution
		{31F30331-D9D7-4529-9C4C-B096F2654F21}.Debug|Any CPU.ActiveCfg = Debug|Any CPU
		{31F30331-D9D7-4529-9C4C-B096F2654F21}.Debug|Any CPU.Build.0 = Debug|Any CPU
		{31F30331-D9D7-4529-9C4C-B096F2654F21}.Release|Any CPU.ActiveCfg = Release|Any CPU
		{31F30331-D9D7-4529-9C4C-B096F2654F21}.Release|Any CPU.Build.0 = Release|Any CPU
		{56937A75-C09F-4D62-9E6A-72C3856EBEBC}.Debug|Any CPU.ActiveCfg = Debug|Any CPU
		{56937A75-C09F-4D62-9E6A-72C3856EBEBC}.Debug|Any CPU.Build.0 = Debug|Any CPU
		{56937A75-C09F-4D62-9E6A-72C3856EBEBC}.Release|Any CPU.ActiveCfg = Release|Any CPU
		{56937A75-C09F-4D62-9E6A-72C3856EBEBC}.Release|Any CPU.Build.0 = Release|Any CPU
		{E74D0747-D4EC-4554-8BB3-FEEA91B72CB6}.Debug|Any CPU.ActiveCfg = Debug|Any CPU
		{E74D0747-D4EC-4554-8BB3-FEEA91B72CB6}.Debug|Any CPU.Build.0 = Debug|Any CPU
		{E74D0747-D4EC-4554-8BB3-FEEA91B72CB6}.Release|Any CPU.ActiveCfg = Release|Any CPU
		{E74D0747-D4EC-4554-8BB3-FEEA91B72CB6}.Release|Any CPU.Build.0 = Release|Any CPU
		{472D7DA6-E613-420C-8815-EE5375165D9E}.Debug|Any CPU.ActiveCfg = Debug|Any CPU
		{472D7DA6-E613-420C-8815-EE5375165D9E}.Debug|Any CPU.Build.0 = Debug|Any CPU
		{472D7DA6-E613-420C-8815-EE5375165D9E}.Release|Any CPU.ActiveCfg = Release|Any CPU
		{472D7DA6-E613-420C-8815-EE5375165D9E}.Release|Any CPU.Build.0 = Release|Any CPU
		{7EAE456C-50E2-48FB-ABE1-37BFC9728865}.Debug|Any CPU.ActiveCfg = Debug|Any CPU
		{7EAE456C-50E2-48FB-ABE1-37BFC9728865}.Debug|Any CPU.Build.0 = Debug|Any CPU
		{7EAE456C-50E2-48FB-ABE1-37BFC9728865}.Release|Any CPU.ActiveCfg = Release|Any CPU
		{7EAE456C-50E2-48FB-ABE1-37BFC9728865}.Release|Any CPU.Build.0 = Release|Any CPU
		{EB8F253B-2171-4A6B-A41F-D67B7B9544EE}.Debug|Any CPU.ActiveCfg = Debug|Any CPU
		{EB8F253B-2171-4A6B-A41F-D67B7B9544EE}.Debug|Any CPU.Build.0 = Debug|Any CPU
		{EB8F253B-2171-4A6B-A41F-D67B7B9544EE}.Release|Any CPU.ActiveCfg = Release|Any CPU
		{EB8F253B-2171-4A6B-A41F-D67B7B9544EE}.Release|Any CPU.Build.0 = Release|Any CPU
		{4636BD10-48C4-4467-A8E2-663356A29600}.Debug|Any CPU.ActiveCfg = Debug|Any CPU
		{4636BD10-48C4-4467-A8E2-663356A29600}.Debug|Any CPU.Build.0 = Debug|Any CPU
		{4636BD10-48C4-4467-A8E2-663356A29600}.Release|Any CPU.ActiveCfg = Release|Any CPU
		{4636BD10-48C4-4467-A8E2-663356A29600}.Release|Any CPU.Build.0 = Release|Any CPU
		{678BA9F3-54BD-4CB7-AACB-51FA254AABCC}.Debug|Any CPU.ActiveCfg = Debug|Any CPU
		{678BA9F3-54BD-4CB7-AACB-51FA254AABCC}.Debug|Any CPU.Build.0 = Debug|Any CPU
		{678BA9F3-54BD-4CB7-AACB-51FA254AABCC}.Release|Any CPU.ActiveCfg = Release|Any CPU
		{678BA9F3-54BD-4CB7-AACB-51FA254AABCC}.Release|Any CPU.Build.0 = Release|Any CPU
		{88901640-580A-4197-A70D-3656C80D7532}.Debug|Any CPU.ActiveCfg = Debug|Any CPU
		{88901640-580A-4197-A70D-3656C80D7532}.Debug|Any CPU.Build.0 = Debug|Any CPU
		{88901640-580A-4197-A70D-3656C80D7532}.Release|Any CPU.ActiveCfg = Release|Any CPU
		{88901640-580A-4197-A70D-3656C80D7532}.Release|Any CPU.Build.0 = Release|Any CPU
		{DC974608-1C77-46DC-AC94-8E1FB9F368BA}.Debug|Any CPU.ActiveCfg = Debug|Any CPU
		{DC974608-1C77-46DC-AC94-8E1FB9F368BA}.Debug|Any CPU.Build.0 = Debug|Any CPU
		{DC974608-1C77-46DC-AC94-8E1FB9F368BA}.Release|Any CPU.ActiveCfg = Release|Any CPU
		{DC974608-1C77-46DC-AC94-8E1FB9F368BA}.Release|Any CPU.Build.0 = Release|Any CPU
		{073CA78C-2247-49C0-A581-2FF347D317A9}.Debug|Any CPU.ActiveCfg = Debug|Any CPU
		{073CA78C-2247-49C0-A581-2FF347D317A9}.Debug|Any CPU.Build.0 = Debug|Any CPU
		{073CA78C-2247-49C0-A581-2FF347D317A9}.Release|Any CPU.ActiveCfg = Release|Any CPU
		{073CA78C-2247-49C0-A581-2FF347D317A9}.Release|Any CPU.Build.0 = Release|Any CPU
		{34448B53-54A4-4349-A61E-B7C0F7DE3B4A}.Debug|Any CPU.ActiveCfg = Debug|Any CPU
		{34448B53-54A4-4349-A61E-B7C0F7DE3B4A}.Debug|Any CPU.Build.0 = Debug|Any CPU
		{34448B53-54A4-4349-A61E-B7C0F7DE3B4A}.Release|Any CPU.ActiveCfg = Release|Any CPU
		{34448B53-54A4-4349-A61E-B7C0F7DE3B4A}.Release|Any CPU.Build.0 = Release|Any CPU
		{C4EA7957-26AF-49DD-9844-75F617033559}.Debug|Any CPU.ActiveCfg = Debug|Any CPU
		{C4EA7957-26AF-49DD-9844-75F617033559}.Debug|Any CPU.Build.0 = Debug|Any CPU
		{C4EA7957-26AF-49DD-9844-75F617033559}.Release|Any CPU.ActiveCfg = Release|Any CPU
		{C4EA7957-26AF-49DD-9844-75F617033559}.Release|Any CPU.Build.0 = Release|Any CPU
		{48674EB9-7A07-4BF3-A33A-9E03A0082588}.Debug|Any CPU.ActiveCfg = Debug|Any CPU
		{48674EB9-7A07-4BF3-A33A-9E03A0082588}.Debug|Any CPU.Build.0 = Debug|Any CPU
		{48674EB9-7A07-4BF3-A33A-9E03A0082588}.Release|Any CPU.ActiveCfg = Release|Any CPU
		{48674EB9-7A07-4BF3-A33A-9E03A0082588}.Release|Any CPU.Build.0 = Release|Any CPU
		{95625AEF-3E59-4F16-88AA-82ADDB4C8AD3}.Debug|Any CPU.ActiveCfg = Debug|Any CPU
		{95625AEF-3E59-4F16-88AA-82ADDB4C8AD3}.Debug|Any CPU.Build.0 = Debug|Any CPU
		{95625AEF-3E59-4F16-88AA-82ADDB4C8AD3}.Release|Any CPU.ActiveCfg = Release|Any CPU
		{95625AEF-3E59-4F16-88AA-82ADDB4C8AD3}.Release|Any CPU.Build.0 = Release|Any CPU
		{94FB1C26-757C-4937-A9B5-C39A3088148C}.Debug|Any CPU.ActiveCfg = Debug|Any CPU
		{94FB1C26-757C-4937-A9B5-C39A3088148C}.Debug|Any CPU.Build.0 = Debug|Any CPU
		{94FB1C26-757C-4937-A9B5-C39A3088148C}.Release|Any CPU.ActiveCfg = Release|Any CPU
		{94FB1C26-757C-4937-A9B5-C39A3088148C}.Release|Any CPU.Build.0 = Release|Any CPU
		{A0B214C0-8491-40DA-A76F-D2247F9AEBAD}.Debug|Any CPU.ActiveCfg = Debug|Any CPU
		{A0B214C0-8491-40DA-A76F-D2247F9AEBAD}.Debug|Any CPU.Build.0 = Debug|Any CPU
		{A0B214C0-8491-40DA-A76F-D2247F9AEBAD}.Release|Any CPU.ActiveCfg = Release|Any CPU
		{A0B214C0-8491-40DA-A76F-D2247F9AEBAD}.Release|Any CPU.Build.0 = Release|Any CPU
		{C1D813BE-0A35-4F3C-9EA4-2B659A6908B0}.Debug|Any CPU.ActiveCfg = Debug|Any CPU
		{C1D813BE-0A35-4F3C-9EA4-2B659A6908B0}.Debug|Any CPU.Build.0 = Debug|Any CPU
		{C1D813BE-0A35-4F3C-9EA4-2B659A6908B0}.Release|Any CPU.ActiveCfg = Release|Any CPU
		{C1D813BE-0A35-4F3C-9EA4-2B659A6908B0}.Release|Any CPU.Build.0 = Release|Any CPU
		{D279530A-3BB1-4452-BB54-3716954179BE}.Debug|Any CPU.ActiveCfg = Debug|Any CPU
		{D279530A-3BB1-4452-BB54-3716954179BE}.Debug|Any CPU.Build.0 = Debug|Any CPU
		{D279530A-3BB1-4452-BB54-3716954179BE}.Release|Any CPU.ActiveCfg = Release|Any CPU
		{D279530A-3BB1-4452-BB54-3716954179BE}.Release|Any CPU.Build.0 = Release|Any CPU
		{F3905E27-1C76-4611-8199-B603FC792407}.Debug|Any CPU.ActiveCfg = Debug|Any CPU
		{F3905E27-1C76-4611-8199-B603FC792407}.Debug|Any CPU.Build.0 = Debug|Any CPU
		{F3905E27-1C76-4611-8199-B603FC792407}.Release|Any CPU.ActiveCfg = Release|Any CPU
		{F3905E27-1C76-4611-8199-B603FC792407}.Release|Any CPU.Build.0 = Release|Any CPU
		{0147DB77-F4F4-42C3-9E21-1FE77B8684CA}.Debug|Any CPU.ActiveCfg = Debug|Any CPU
		{0147DB77-F4F4-42C3-9E21-1FE77B8684CA}.Debug|Any CPU.Build.0 = Debug|Any CPU
		{0147DB77-F4F4-42C3-9E21-1FE77B8684CA}.Release|Any CPU.ActiveCfg = Release|Any CPU
		{0147DB77-F4F4-42C3-9E21-1FE77B8684CA}.Release|Any CPU.Build.0 = Release|Any CPU
		{B36DFBD2-6195-4593-B849-1845A4317454}.Debug|Any CPU.ActiveCfg = Debug|Any CPU
		{B36DFBD2-6195-4593-B849-1845A4317454}.Debug|Any CPU.Build.0 = Debug|Any CPU
		{B36DFBD2-6195-4593-B849-1845A4317454}.Release|Any CPU.ActiveCfg = Release|Any CPU
		{B36DFBD2-6195-4593-B849-1845A4317454}.Release|Any CPU.Build.0 = Release|Any CPU
		{342E4CCE-B36D-4E85-93C7-A2DA55A4F14E}.Debug|Any CPU.ActiveCfg = Debug|Any CPU
		{342E4CCE-B36D-4E85-93C7-A2DA55A4F14E}.Debug|Any CPU.Build.0 = Debug|Any CPU
		{342E4CCE-B36D-4E85-93C7-A2DA55A4F14E}.Release|Any CPU.ActiveCfg = Release|Any CPU
		{342E4CCE-B36D-4E85-93C7-A2DA55A4F14E}.Release|Any CPU.Build.0 = Release|Any CPU
		{17F24ABA-13C0-4D8E-A25A-26280E79CB5B}.Debug|Any CPU.ActiveCfg = Debug|Any CPU
		{17F24ABA-13C0-4D8E-A25A-26280E79CB5B}.Debug|Any CPU.Build.0 = Debug|Any CPU
		{17F24ABA-13C0-4D8E-A25A-26280E79CB5B}.Release|Any CPU.ActiveCfg = Release|Any CPU
		{17F24ABA-13C0-4D8E-A25A-26280E79CB5B}.Release|Any CPU.Build.0 = Release|Any CPU
		{6DBA488D-EAEC-4C70-A964-5C887ECB5E2C}.Debug|Any CPU.ActiveCfg = Debug|Any CPU
		{6DBA488D-EAEC-4C70-A964-5C887ECB5E2C}.Debug|Any CPU.Build.0 = Debug|Any CPU
		{6DBA488D-EAEC-4C70-A964-5C887ECB5E2C}.Release|Any CPU.ActiveCfg = Release|Any CPU
		{6DBA488D-EAEC-4C70-A964-5C887ECB5E2C}.Release|Any CPU.Build.0 = Release|Any CPU
		{0B19C2DB-51AB-4510-A82B-213DEA042D1A}.Debug|Any CPU.ActiveCfg = Debug|Any CPU
		{0B19C2DB-51AB-4510-A82B-213DEA042D1A}.Debug|Any CPU.Build.0 = Debug|Any CPU
		{0B19C2DB-51AB-4510-A82B-213DEA042D1A}.Release|Any CPU.ActiveCfg = Release|Any CPU
		{0B19C2DB-51AB-4510-A82B-213DEA042D1A}.Release|Any CPU.Build.0 = Release|Any CPU
	EndGlobalSection
	GlobalSection(SolutionProperties) = preSolution
		HideSolutionNode = FALSE
	EndGlobalSection
	GlobalSection(NestedProjects) = preSolution
		{E74D0747-D4EC-4554-8BB3-FEEA91B72CB6} = {0BBD29BA-2391-4E97-B14E-8998026F465E}
		{472D7DA6-E613-420C-8815-EE5375165D9E} = {0BBD29BA-2391-4E97-B14E-8998026F465E}
		{7EAE456C-50E2-48FB-ABE1-37BFC9728865} = {0BBD29BA-2391-4E97-B14E-8998026F465E}
		{EB8F253B-2171-4A6B-A41F-D67B7B9544EE} = {7D517D35-39BC-42A6-BE68-3BC32B26E3B1}
		{4636BD10-48C4-4467-A8E2-663356A29600} = {BE05B1F2-76AF-470A-95E1-218F69376FC7}
		{678BA9F3-54BD-4CB7-AACB-51FA254AABCC} = {BE05B1F2-76AF-470A-95E1-218F69376FC7}
		{88901640-580A-4197-A70D-3656C80D7532} = {BE05B1F2-76AF-470A-95E1-218F69376FC7}
		{DC974608-1C77-46DC-AC94-8E1FB9F368BA} = {BE05B1F2-76AF-470A-95E1-218F69376FC7}
		{073CA78C-2247-49C0-A581-2FF347D317A9} = {BE05B1F2-76AF-470A-95E1-218F69376FC7}
		{34448B53-54A4-4349-A61E-B7C0F7DE3B4A} = {BE05B1F2-76AF-470A-95E1-218F69376FC7}
		{C4EA7957-26AF-49DD-9844-75F617033559} = {BE05B1F2-76AF-470A-95E1-218F69376FC7}
		{48674EB9-7A07-4BF3-A33A-9E03A0082588} = {BE05B1F2-76AF-470A-95E1-218F69376FC7}
		{95625AEF-3E59-4F16-88AA-82ADDB4C8AD3} = {BE05B1F2-76AF-470A-95E1-218F69376FC7}
		{94FB1C26-757C-4937-A9B5-C39A3088148C} = {BE05B1F2-76AF-470A-95E1-218F69376FC7}
		{A0B214C0-8491-40DA-A76F-D2247F9AEBAD} = {BE05B1F2-76AF-470A-95E1-218F69376FC7}
		{C1D813BE-0A35-4F3C-9EA4-2B659A6908B0} = {BE05B1F2-76AF-470A-95E1-218F69376FC7}
		{D279530A-3BB1-4452-BB54-3716954179BE} = {BE05B1F2-76AF-470A-95E1-218F69376FC7}
		{F3905E27-1C76-4611-8199-B603FC792407} = {BE05B1F2-76AF-470A-95E1-218F69376FC7}
		{0147DB77-F4F4-42C3-9E21-1FE77B8684CA} = {344CB2F4-4CC3-4C3A-B21C-B5DDFC35D348}
		{B36DFBD2-6195-4593-B849-1845A4317454} = {344CB2F4-4CC3-4C3A-B21C-B5DDFC35D348}
		{342E4CCE-B36D-4E85-93C7-A2DA55A4F14E} = {344CB2F4-4CC3-4C3A-B21C-B5DDFC35D348}
		{17F24ABA-13C0-4D8E-A25A-26280E79CB5B} = {344CB2F4-4CC3-4C3A-B21C-B5DDFC35D348}
		{6DBA488D-EAEC-4C70-A964-5C887ECB5E2C} = {344CB2F4-4CC3-4C3A-B21C-B5DDFC35D348}
		{0B19C2DB-51AB-4510-A82B-213DEA042D1A} = {344CB2F4-4CC3-4C3A-B21C-B5DDFC35D348}
	EndGlobalSection
EndGlobal
